// !$*UTF8*$!
{
	archiveVersion = 1;
	classes = {
	};
	objectVersion = 56;
	objects = {

/* Begin PBXBuildFile section */
		262C0C392BB9C27100565DC1 /* ProfileView.swift in Sources */ = {isa = PBXBuildFile; fileRef = 262C0C382BB9C27100565DC1 /* ProfileView.swift */; };
		262C0C3B2BB9C7D800565DC1 /* ProfileImage.swift in Sources */ = {isa = PBXBuildFile; fileRef = 262C0C3A2BB9C7D800565DC1 /* ProfileImage.swift */; };
		262C0C3D2BB9CC1000565DC1 /* ProfileViewSections.swift in Sources */ = {isa = PBXBuildFile; fileRef = 262C0C3C2BB9CC1000565DC1 /* ProfileViewSections.swift */; };
		26547FF32BAF6B0C00AD302B /* CircularGradient.swift in Sources */ = {isa = PBXBuildFile; fileRef = 26547FF22BAF6B0C00AD302B /* CircularGradient.swift */; };
		26547FF72BAF6F2700AD302B /* SideMenuView.swift in Sources */ = {isa = PBXBuildFile; fileRef = 26547FF62BAF6F2700AD302B /* SideMenuView.swift */; };
		26547FF92BAF73E300AD302B /* TabButton.swift in Sources */ = {isa = PBXBuildFile; fileRef = 26547FF82BAF73E300AD302B /* TabButton.swift */; };
		26547FFB2BAF805E00AD302B /* MenuSide.swift in Sources */ = {isa = PBXBuildFile; fileRef = 26547FFA2BAF805E00AD302B /* MenuSide.swift */; };
		265480012BAF852100AD302B /* Home.swift in Sources */ = {isa = PBXBuildFile; fileRef = 265480002BAF852100AD302B /* Home.swift */; };
		265B45542BB8ECC700C0CA06 /* NotificationsView.swift in Sources */ = {isa = PBXBuildFile; fileRef = 265B45532BB8ECC700C0CA06 /* NotificationsView.swift */; };
		265B45582BB8F65300C0CA06 /* TabBarView.swift in Sources */ = {isa = PBXBuildFile; fileRef = 265B45572BB8F65300C0CA06 /* TabBarView.swift */; };
		2665AABD2BAA37A400CE29F3 /* Segoe UI Bold.ttf in Resources */ = {isa = PBXBuildFile; fileRef = 2665AAB92BAA37A400CE29F3 /* Segoe UI Bold.ttf */; };
		2665AABE2BAA37A400CE29F3 /* Segoe UI.ttf in Resources */ = {isa = PBXBuildFile; fileRef = 2665AABA2BAA37A400CE29F3 /* Segoe UI.ttf */; };
		2665AAC42BAA3AD500CE29F3 /* Segoe UI Semibold.ttf in Resources */ = {isa = PBXBuildFile; fileRef = 2665AAC32BAA3AD500CE29F3 /* Segoe UI Semibold.ttf */; };
		26D6AEAE2BBB25B900F6B5A8 /* ReservationVIew.swift in Sources */ = {isa = PBXBuildFile; fileRef = 26D6AEAD2BBB25B900F6B5A8 /* ReservationVIew.swift */; };
		26EF1E302BBA13C60010B57D /* FacebookCore in Frameworks */ = {isa = PBXBuildFile; productRef = 26EF1E2F2BBA13C60010B57D /* FacebookCore */; };
		26EF1E322BBA13C60010B57D /* FacebookLogin in Frameworks */ = {isa = PBXBuildFile; productRef = 26EF1E312BBA13C60010B57D /* FacebookLogin */; };
		26EF1E352BBA13E60010B57D /* GoogleSignIn in Frameworks */ = {isa = PBXBuildFile; productRef = 26EF1E342BBA13E60010B57D /* GoogleSignIn */; };
		26EF1E372BBA13E60010B57D /* GoogleSignInSwift in Frameworks */ = {isa = PBXBuildFile; productRef = 26EF1E362BBA13E60010B57D /* GoogleSignInSwift */; };
		26EF1E3B2BBA183B0010B57D /* genderView.swift in Sources */ = {isa = PBXBuildFile; fileRef = 26EF1E3A2BBA183B0010B57D /* genderView.swift */; };
		26EF1E3F2BBA42D40010B57D /* DateOfBirthView.swift in Sources */ = {isa = PBXBuildFile; fileRef = 26EF1E3E2BBA42D40010B57D /* DateOfBirthView.swift */; };
		26EF1E412BBA4C2A0010B57D /* AddressView.swift in Sources */ = {isa = PBXBuildFile; fileRef = 26EF1E402BBA4C2A0010B57D /* AddressView.swift */; };
		26EF1E452BBA4ED20010B57D /* CustomTextField.swift in Sources */ = {isa = PBXBuildFile; fileRef = 26EF1E442BBA4ED20010B57D /* CustomTextField.swift */; };
		26EF1E472BBA53410010B57D /* CustomPicker.swift in Sources */ = {isa = PBXBuildFile; fileRef = 26EF1E462BBA53410010B57D /* CustomPicker.swift */; };
		26FAD1DD2BB49F9A0025650F /* ReservationCard.swift in Sources */ = {isa = PBXBuildFile; fileRef = 26FAD1DC2BB49F9A0025650F /* ReservationCard.swift */; };
		26FAD1DF2BB4A7310025650F /* BigReviewCard.swift in Sources */ = {isa = PBXBuildFile; fileRef = 26FAD1DE2BB4A7310025650F /* BigReviewCard.swift */; };
		26FAD1E12BB4AA0F0025650F /* SearchBar.swift in Sources */ = {isa = PBXBuildFile; fileRef = 26FAD1E02BB4AA0F0025650F /* SearchBar.swift */; };
		26FAD1E32BB4AF790025650F /* NotificationCard.swift in Sources */ = {isa = PBXBuildFile; fileRef = 26FAD1E22BB4AF790025650F /* NotificationCard.swift */; };
		7F196E912B6F92ED00CBBD6A /* UserNetworkResponse.swift in Sources */ = {isa = PBXBuildFile; fileRef = 7F196E902B6F92ED00CBBD6A /* UserNetworkResponse.swift */; };
		7F196E932B6F940C00CBBD6A /* AuthRepositoryResponseProtocol.swift in Sources */ = {isa = PBXBuildFile; fileRef = 7F196E922B6F940C00CBBD6A /* AuthRepositoryResponseProtocol.swift */; };
		7F196E952B6F942100CBBD6A /* AuthRepository.swift in Sources */ = {isa = PBXBuildFile; fileRef = 7F196E942B6F942100CBBD6A /* AuthRepository.swift */; };
		7F196E9B2B6F97F100CBBD6A /* AuthModuleFactory.swift in Sources */ = {isa = PBXBuildFile; fileRef = 7F196E9A2B6F97F100CBBD6A /* AuthModuleFactory.swift */; };
		7F196E9F2B6F983300CBBD6A /* AuthUseCaseProtocol.swift in Sources */ = {isa = PBXBuildFile; fileRef = 7F196E9E2B6F983300CBBD6A /* AuthUseCaseProtocol.swift */; };
		7F196EA12B6F9B6100CBBD6A /* AuthUseCase.swift in Sources */ = {isa = PBXBuildFile; fileRef = 7F196EA02B6F9B6100CBBD6A /* AuthUseCase.swift */; };
		7F260F9F2BAA2FF60067A214 /* AuthDataSourceProtocol.swift in Sources */ = {isa = PBXBuildFile; fileRef = 7F260F9E2BAA2FF60067A214 /* AuthDataSourceProtocol.swift */; };
		7F388C162B87622500FE021B /* AuthViewModelProtocol.swift in Sources */ = {isa = PBXBuildFile; fileRef = 7F388C152B87622500FE021B /* AuthViewModelProtocol.swift */; };
		7F388C182B8762EA00FE021B /* AuthViewModell.swift in Sources */ = {isa = PBXBuildFile; fileRef = 7F388C172B8762EA00FE021B /* AuthViewModell.swift */; };
		7F388C1C2B8777E200FE021B /* AuthView.swift in Sources */ = {isa = PBXBuildFile; fileRef = 7F388C1B2B8777E200FE021B /* AuthView.swift */; };
		7F48B4AD2B852ADE00B2AD82 /* AuthDataSource.swift in Sources */ = {isa = PBXBuildFile; fileRef = 7F48B4AC2B852ADE00B2AD82 /* AuthDataSource.swift */; };
		7F48B4AF2B85315500B2AD82 /* RepositoryError.swift in Sources */ = {isa = PBXBuildFile; fileRef = 7F48B4AE2B85315500B2AD82 /* RepositoryError.swift */; };
		7F50EC772AF052ED0060D6B6 /* GoogleManager.swift in Sources */ = {isa = PBXBuildFile; fileRef = 7F50EC762AF052ED0060D6B6 /* GoogleManager.swift */; };
		7F50EC7A2AF0614E0060D6B6 /* AppleSigninManager.swift in Sources */ = {isa = PBXBuildFile; fileRef = 7F50EC792AF0614E0060D6B6 /* AppleSigninManager.swift */; };
		7F50EC7E2AF1B60D0060D6B6 /* Times New Roman Bold.ttf in Resources */ = {isa = PBXBuildFile; fileRef = 7F50EC7D2AF1B60D0060D6B6 /* Times New Roman Bold.ttf */; };
		7F5E42ED2AEBD782008C2FC1 /* RoshettaAppViewModel.swift in Sources */ = {isa = PBXBuildFile; fileRef = 7F5E42EC2AEBD782008C2FC1 /* RoshettaAppViewModel.swift */; };
		7F5E42F42AEBD8E4008C2FC1 /* Poppins-SemiBold.ttf in Resources */ = {isa = PBXBuildFile; fileRef = 7F5E42F02AEBD8E3008C2FC1 /* Poppins-SemiBold.ttf */; };
		7F5E42F52AEBD8E4008C2FC1 /* Poppins-Bold.ttf in Resources */ = {isa = PBXBuildFile; fileRef = 7F5E42F12AEBD8E3008C2FC1 /* Poppins-Bold.ttf */; };
		7F5E42F62AEBD8E4008C2FC1 /* Poppins-Medium.ttf in Resources */ = {isa = PBXBuildFile; fileRef = 7F5E42F22AEBD8E4008C2FC1 /* Poppins-Medium.ttf */; };
		7F5E42FF2AEBDE00008C2FC1 /* Fonts.swift in Sources */ = {isa = PBXBuildFile; fileRef = 7F5E42FE2AEBDE00008C2FC1 /* Fonts.swift */; };
		7F5E43012AEBDFE6008C2FC1 /* Colors.swift in Sources */ = {isa = PBXBuildFile; fileRef = 7F5E43002AEBDFE6008C2FC1 /* Colors.swift */; };
		7F5E43032AEBE034008C2FC1 /* Images.swift in Sources */ = {isa = PBXBuildFile; fileRef = 7F5E43022AEBE034008C2FC1 /* Images.swift */; };
		7F5E43052AEBE3AF008C2FC1 /* SFSymbols.swift in Sources */ = {isa = PBXBuildFile; fileRef = 7F5E43042AEBE3AE008C2FC1 /* SFSymbols.swift */; };
		7F5E43092AEBE878008C2FC1 /* SplashView.swift in Sources */ = {isa = PBXBuildFile; fileRef = 7F5E43082AEBE878008C2FC1 /* SplashView.swift */; };
		7F5E430B2AEBE88B008C2FC1 /* SplashViewModel.swift in Sources */ = {isa = PBXBuildFile; fileRef = 7F5E430A2AEBE88B008C2FC1 /* SplashViewModel.swift */; };
		7F5E43142AEBF49C008C2FC1 /* onboardingModel.swift in Sources */ = {isa = PBXBuildFile; fileRef = 7F5E43132AEBF49C008C2FC1 /* onboardingModel.swift */; };
		7F5E43182AEBF645008C2FC1 /* OnboardingView.swift in Sources */ = {isa = PBXBuildFile; fileRef = 7F5E43172AEBF645008C2FC1 /* OnboardingView.swift */; };
		7F6CA3052AEBFEE200BAB446 /* GFNextButton.swift in Sources */ = {isa = PBXBuildFile; fileRef = 7F6CA3042AEBFEE200BAB446 /* GFNextButton.swift */; };
		7F6CA3072AEC19E800BAB446 /* GFSliderButton.swift in Sources */ = {isa = PBXBuildFile; fileRef = 7F6CA3062AEC19E800BAB446 /* GFSliderButton.swift */; };
		7F6CA30B2AECF52900BAB446 /* GFAuthButton.swift in Sources */ = {isa = PBXBuildFile; fileRef = 7F6CA30A2AECF52900BAB446 /* GFAuthButton.swift */; };
		7F6CA33C2AEF0AA400BAB446 /* FacebookManager.swift in Sources */ = {isa = PBXBuildFile; fileRef = 7F6CA33B2AEF0AA400BAB446 /* FacebookManager.swift */; };
		7F78B6112B61DA4D004DB15E /* NetworkLayerTestView.swift in Sources */ = {isa = PBXBuildFile; fileRef = 7F78B6102B61DA4D004DB15E /* NetworkLayerTestView.swift */; };
		7F78B6132B61DA5B004DB15E /* NetworkLayerTestViewModel.swift in Sources */ = {isa = PBXBuildFile; fileRef = 7F78B6122B61DA5B004DB15E /* NetworkLayerTestViewModel.swift */; };
		7F81F48F2B6E91DB00C8016B /* AuthAPIRequest.swift in Sources */ = {isa = PBXBuildFile; fileRef = 7F81F48E2B6E91DB00C8016B /* AuthAPIRequest.swift */; };
		7F81F4912B6E931A00C8016B /* AuthAPIClient.swift in Sources */ = {isa = PBXBuildFile; fileRef = 7F81F4902B6E931A00C8016B /* AuthAPIClient.swift */; };
		7F884CBB2B6C1A0E00B82521 /* CategoryCard.swift in Sources */ = {isa = PBXBuildFile; fileRef = 7F884CBA2B6C1A0E00B82521 /* CategoryCard.swift */; };
		7F884CBE2B6C1CD200B82521 /* TitleTextModifir.swift in Sources */ = {isa = PBXBuildFile; fileRef = 7F884CBD2B6C1CD200B82521 /* TitleTextModifir.swift */; };
		7F884CC02B6C1D3800B82521 /* CenterDetailsView.swift in Sources */ = {isa = PBXBuildFile; fileRef = 7F884CBF2B6C1D3800B82521 /* CenterDetailsView.swift */; };
		7F884CC22B6C1D5D00B82521 /* ClinicDetailsView.swift in Sources */ = {isa = PBXBuildFile; fileRef = 7F884CC12B6C1D5D00B82521 /* ClinicDetailsView.swift */; };
		7F884CC42B6C1D9400B82521 /* DoctorDetailsView.swift in Sources */ = {isa = PBXBuildFile; fileRef = 7F884CC32B6C1D9400B82521 /* DoctorDetailsView.swift */; };
		7F884CC62B6C1DA700B82521 /* AboutCardView.swift in Sources */ = {isa = PBXBuildFile; fileRef = 7F884CC52B6C1DA700B82521 /* AboutCardView.swift */; };
		7F884CC82B6C1DDC00B82521 /* ImageScroll.swift in Sources */ = {isa = PBXBuildFile; fileRef = 7F884CC72B6C1DDC00B82521 /* ImageScroll.swift */; };
		7F884CCA2B6C1DF500B82521 /* locationCard.swift in Sources */ = {isa = PBXBuildFile; fileRef = 7F884CC92B6C1DF500B82521 /* locationCard.swift */; };
		7F884CCC2B6C1E0A00B82521 /* LogoImageView.swift in Sources */ = {isa = PBXBuildFile; fileRef = 7F884CCB2B6C1E0A00B82521 /* LogoImageView.swift */; };
		7F884CCE2B6C1E1900B82521 /* PriceCard.swift in Sources */ = {isa = PBXBuildFile; fileRef = 7F884CCD2B6C1E1900B82521 /* PriceCard.swift */; };
		7F884CD02B6C1E2C00B82521 /* ReviewCard.swift in Sources */ = {isa = PBXBuildFile; fileRef = 7F884CCF2B6C1E2C00B82521 /* ReviewCard.swift */; };
		7F884CD22B6C1E4800B82521 /* SpecializationCard.swift in Sources */ = {isa = PBXBuildFile; fileRef = 7F884CD12B6C1E4800B82521 /* SpecializationCard.swift */; };
		7F884CD42B6C1E5400B82521 /* StatusImageView.swift in Sources */ = {isa = PBXBuildFile; fileRef = 7F884CD32B6C1E5400B82521 /* StatusImageView.swift */; };
		7F884CE32B6C269100B82521 /* RoundedImage.swift in Sources */ = {isa = PBXBuildFile; fileRef = 7F884CE22B6C269100B82521 /* RoundedImage.swift */; };
		7F988E5C2AE2D1BC00E0BCBD /* RoshettaApp.swift in Sources */ = {isa = PBXBuildFile; fileRef = 7F988E5B2AE2D1BC00E0BCBD /* RoshettaApp.swift */; };
		7F988E602AE2D1BE00E0BCBD /* Assets.xcassets in Resources */ = {isa = PBXBuildFile; fileRef = 7F988E5F2AE2D1BE00E0BCBD /* Assets.xcassets */; };
		7F988E632AE2D1BE00E0BCBD /* Preview Assets.xcassets in Resources */ = {isa = PBXBuildFile; fileRef = 7F988E622AE2D1BE00E0BCBD /* Preview Assets.xcassets */; };
		7F988E9C2AE2D29900E0BCBD /* HTTPMethod.swift in Sources */ = {isa = PBXBuildFile; fileRef = 7F988E942AE2D29900E0BCBD /* HTTPMethod.swift */; };
		7F988E9E2AE2D29900E0BCBD /* RequestError.swift in Sources */ = {isa = PBXBuildFile; fileRef = 7F988E962AE2D29900E0BCBD /* RequestError.swift */; };
		7F988EA02AE2D29900E0BCBD /* LanguageManager.swift in Sources */ = {isa = PBXBuildFile; fileRef = 7F988E992AE2D29900E0BCBD /* LanguageManager.swift */; };
		7F988EA52AE2D2AC00E0BCBD /* Localizable.strings in Resources */ = {isa = PBXBuildFile; fileRef = 7F988EA22AE2D2AB00E0BCBD /* Localizable.strings */; };
		7F988EAB2AE2D2BD00E0BCBD /* View.swift in Sources */ = {isa = PBXBuildFile; fileRef = 7F988EA72AE2D2BD00E0BCBD /* View.swift */; };
		7F988EAC2AE2D2BD00E0BCBD /* Codable.swift in Sources */ = {isa = PBXBuildFile; fileRef = 7F988EA82AE2D2BD00E0BCBD /* Codable.swift */; };
		7F988EAD2AE2D2BD00E0BCBD /* String.swift in Sources */ = {isa = PBXBuildFile; fileRef = 7F988EA92AE2D2BD00E0BCBD /* String.swift */; };
		7F988EAE2AE2D2BD00E0BCBD /* UINavigationBarAppearance.swift in Sources */ = {isa = PBXBuildFile; fileRef = 7F988EAA2AE2D2BD00E0BCBD /* UINavigationBarAppearance.swift */; };
		7F988EC12AE2D34000E0BCBD /* GFButton.swift in Sources */ = {isa = PBXBuildFile; fileRef = 7F988EB72AE2D33F00E0BCBD /* GFButton.swift */; };
		7F988EC22AE2D34000E0BCBD /* HomeSlider.swift in Sources */ = {isa = PBXBuildFile; fileRef = 7F988EB82AE2D33F00E0BCBD /* HomeSlider.swift */; };
		7F988EC32AE2D34000E0BCBD /* OTPTextField.swift in Sources */ = {isa = PBXBuildFile; fileRef = 7F988EB92AE2D33F00E0BCBD /* OTPTextField.swift */; };
		7F988EC42AE2D34000E0BCBD /* GFTextField.swift in Sources */ = {isa = PBXBuildFile; fileRef = 7F988EBA2AE2D33F00E0BCBD /* GFTextField.swift */; };
		7F988EC52AE2D34000E0BCBD /* LoaderView.swift in Sources */ = {isa = PBXBuildFile; fileRef = 7F988EBB2AE2D33F00E0BCBD /* LoaderView.swift */; };
		7F988EC72AE2D34000E0BCBD /* GFSecureTextField.swift in Sources */ = {isa = PBXBuildFile; fileRef = 7F988EBD2AE2D33F00E0BCBD /* GFSecureTextField.swift */; };
		7F988ECB2AE2D35000E0BCBD /* RounderCorners.swift in Sources */ = {isa = PBXBuildFile; fileRef = 7F988EC92AE2D35000E0BCBD /* RounderCorners.swift */; };
		7F988ECC2AE2D35000E0BCBD /* SFSymbolModifire.swift in Sources */ = {isa = PBXBuildFile; fileRef = 7F988ECA2AE2D35000E0BCBD /* SFSymbolModifire.swift */; };
		7FB00F542AFD6AF000303EB2 /* DoctorCard.swift in Sources */ = {isa = PBXBuildFile; fileRef = 7FB00F532AFD6AF000303EB2 /* DoctorCard.swift */; };
		7FB00F562AFD7CA800303EB2 /* ClincCard.swift in Sources */ = {isa = PBXBuildFile; fileRef = 7FB00F552AFD7CA800303EB2 /* ClincCard.swift */; };
		7FB00F582AFD7E3900303EB2 /* InfoRow.swift in Sources */ = {isa = PBXBuildFile; fileRef = 7FB00F572AFD7E3900303EB2 /* InfoRow.swift */; };
		7FB00F5A2AFD7FF000303EB2 /* MedicalCenterCard.swift in Sources */ = {isa = PBXBuildFile; fileRef = 7FB00F592AFD7FF000303EB2 /* MedicalCenterCard.swift */; };
		7FBE21262BBB3FCF006E15A7 /* FirebaseAnalytics in Frameworks */ = {isa = PBXBuildFile; productRef = 7FBE21252BBB3FCF006E15A7 /* FirebaseAnalytics */; };
		7FBE21282BBB3FCF006E15A7 /* FirebaseAnalyticsWithoutAdIdSupport in Frameworks */ = {isa = PBXBuildFile; productRef = 7FBE21272BBB3FCF006E15A7 /* FirebaseAnalyticsWithoutAdIdSupport */; };
		7FC67AE22B278416000A5586 /* BaseAPIRequest.swift in Sources */ = {isa = PBXBuildFile; fileRef = 7FC67AE12B278416000A5586 /* BaseAPIRequest.swift */; };
		7FC67AE42B2785D0000A5586 /* BaseAPIClient.swift in Sources */ = {isa = PBXBuildFile; fileRef = 7FC67AE32B2785D0000A5586 /* BaseAPIClient.swift */; };
		7FC67AE62B27B211000A5586 /* SessionDataTaskError.swift in Sources */ = {isa = PBXBuildFile; fileRef = 7FC67AE52B27B211000A5586 /* SessionDataTaskError.swift */; };
		7FC67AE92B27B548000A5586 /* APIRequestConfiguration.swift in Sources */ = {isa = PBXBuildFile; fileRef = 7FC67AE82B27B547000A5586 /* APIRequestConfiguration.swift */; };
		7FC67AEB2B27B56D000A5586 /* MultipartAPIRequestConfiguration.swift in Sources */ = {isa = PBXBuildFile; fileRef = 7FC67AEA2B27B56D000A5586 /* MultipartAPIRequestConfiguration.swift */; };
		7FC67AED2B27B5B6000A5586 /* URLRequestConvertible.swift in Sources */ = {isa = PBXBuildFile; fileRef = 7FC67AEC2B27B5B6000A5586 /* URLRequestConvertible.swift */; };
		7FC67AEF2B27B6D6000A5586 /* URLRequestStrategy.swift in Sources */ = {isa = PBXBuildFile; fileRef = 7FC67AEE2B27B6D6000A5586 /* URLRequestStrategy.swift */; };
		7FC67AF22B27B701000A5586 /* RegularURLRequestStrategy.swift in Sources */ = {isa = PBXBuildFile; fileRef = 7FC67AF12B27B701000A5586 /* RegularURLRequestStrategy.swift */; };
		7FC67AF42B27B763000A5586 /* MultipartURLRequestStrategy.swift in Sources */ = {isa = PBXBuildFile; fileRef = 7FC67AF32B27B763000A5586 /* MultipartURLRequestStrategy.swift */; };
		CC3C83AD2BACFAF60025AF74 /* HomeView.swift in Sources */ = {isa = PBXBuildFile; fileRef = CC3C83AC2BACFAF60025AF74 /* HomeView.swift */; };
		CC9FAA652BB94E4200C54625 /* DoctorListView.swift in Sources */ = {isa = PBXBuildFile; fileRef = CC9FAA642BB94E4200C54625 /* DoctorListView.swift */; };
		CC9FAA672BB953B300C54625 /* CenterListView.swift in Sources */ = {isa = PBXBuildFile; fileRef = CC9FAA662BB953B300C54625 /* CenterListView.swift */; };
		CC9FAA692BB9545F00C54625 /* ClinicListView.swift in Sources */ = {isa = PBXBuildFile; fileRef = CC9FAA682BB9545F00C54625 /* ClinicListView.swift */; };
		CC9FAA6B2BB95D4100C54625 /* SpecialistListView.swift in Sources */ = {isa = PBXBuildFile; fileRef = CC9FAA6A2BB95D4100C54625 /* SpecialistListView.swift */; };
/* End PBXBuildFile section */

/* Begin PBXContainerItemProxy section */
		7F47CD6B2B646D0F00228CFA /* PBXContainerItemProxy */ = {
			isa = PBXContainerItemProxy;
			containerPortal = 7F988E502AE2D1BC00E0BCBD /* Project object */;
			proxyType = 1;
			remoteGlobalIDString = 7F988E572AE2D1BC00E0BCBD;
			remoteInfo = Roshetta;
		};
/* End PBXContainerItemProxy section */

/* Begin PBXFileReference section */
		262C0C382BB9C27100565DC1 /* ProfileView.swift */ = {isa = PBXFileReference; lastKnownFileType = sourcecode.swift; path = ProfileView.swift; sourceTree = "<group>"; };
		262C0C3A2BB9C7D800565DC1 /* ProfileImage.swift */ = {isa = PBXFileReference; lastKnownFileType = sourcecode.swift; path = ProfileImage.swift; sourceTree = "<group>"; };
		262C0C3C2BB9CC1000565DC1 /* ProfileViewSections.swift */ = {isa = PBXFileReference; lastKnownFileType = sourcecode.swift; path = ProfileViewSections.swift; sourceTree = "<group>"; };
		26547FF22BAF6B0C00AD302B /* CircularGradient.swift */ = {isa = PBXFileReference; lastKnownFileType = sourcecode.swift; path = CircularGradient.swift; sourceTree = "<group>"; };
		26547FF62BAF6F2700AD302B /* SideMenuView.swift */ = {isa = PBXFileReference; lastKnownFileType = sourcecode.swift; path = SideMenuView.swift; sourceTree = "<group>"; };
		26547FF82BAF73E300AD302B /* TabButton.swift */ = {isa = PBXFileReference; lastKnownFileType = sourcecode.swift; path = TabButton.swift; sourceTree = "<group>"; };
		26547FFA2BAF805E00AD302B /* MenuSide.swift */ = {isa = PBXFileReference; lastKnownFileType = sourcecode.swift; path = MenuSide.swift; sourceTree = "<group>"; };
		265480002BAF852100AD302B /* Home.swift */ = {isa = PBXFileReference; lastKnownFileType = sourcecode.swift; path = Home.swift; sourceTree = "<group>"; };
		265B45532BB8ECC700C0CA06 /* NotificationsView.swift */ = {isa = PBXFileReference; lastKnownFileType = sourcecode.swift; path = NotificationsView.swift; sourceTree = "<group>"; };
		265B45572BB8F65300C0CA06 /* TabBarView.swift */ = {isa = PBXFileReference; lastKnownFileType = sourcecode.swift; path = TabBarView.swift; sourceTree = "<group>"; };
		2665AAB92BAA37A400CE29F3 /* Segoe UI Bold.ttf */ = {isa = PBXFileReference; lastKnownFileType = file; path = "Segoe UI Bold.ttf"; sourceTree = "<group>"; };
		2665AABA2BAA37A400CE29F3 /* Segoe UI.ttf */ = {isa = PBXFileReference; lastKnownFileType = file; path = "Segoe UI.ttf"; sourceTree = "<group>"; };
		2665AAC32BAA3AD500CE29F3 /* Segoe UI Semibold.ttf */ = {isa = PBXFileReference; lastKnownFileType = file; path = "Segoe UI Semibold.ttf"; sourceTree = "<group>"; };
		26D6AEAD2BBB25B900F6B5A8 /* ReservationVIew.swift */ = {isa = PBXFileReference; lastKnownFileType = sourcecode.swift; path = ReservationVIew.swift; sourceTree = "<group>"; };
		26EF1E3A2BBA183B0010B57D /* genderView.swift */ = {isa = PBXFileReference; lastKnownFileType = sourcecode.swift; path = genderView.swift; sourceTree = "<group>"; };
		26EF1E3E2BBA42D40010B57D /* DateOfBirthView.swift */ = {isa = PBXFileReference; lastKnownFileType = sourcecode.swift; path = DateOfBirthView.swift; sourceTree = "<group>"; };
		26EF1E402BBA4C2A0010B57D /* AddressView.swift */ = {isa = PBXFileReference; lastKnownFileType = sourcecode.swift; path = AddressView.swift; sourceTree = "<group>"; };
		26EF1E442BBA4ED20010B57D /* CustomTextField.swift */ = {isa = PBXFileReference; lastKnownFileType = sourcecode.swift; path = CustomTextField.swift; sourceTree = "<group>"; };
		26EF1E462BBA53410010B57D /* CustomPicker.swift */ = {isa = PBXFileReference; lastKnownFileType = sourcecode.swift; path = CustomPicker.swift; sourceTree = "<group>"; };
		26FAD1DC2BB49F9A0025650F /* ReservationCard.swift */ = {isa = PBXFileReference; lastKnownFileType = sourcecode.swift; path = ReservationCard.swift; sourceTree = "<group>"; };
		26FAD1DE2BB4A7310025650F /* BigReviewCard.swift */ = {isa = PBXFileReference; lastKnownFileType = sourcecode.swift; path = BigReviewCard.swift; sourceTree = "<group>"; };
		26FAD1E02BB4AA0F0025650F /* SearchBar.swift */ = {isa = PBXFileReference; lastKnownFileType = sourcecode.swift; path = SearchBar.swift; sourceTree = "<group>"; };
		26FAD1E22BB4AF790025650F /* NotificationCard.swift */ = {isa = PBXFileReference; lastKnownFileType = sourcecode.swift; path = NotificationCard.swift; sourceTree = "<group>"; };
		7F196E902B6F92ED00CBBD6A /* UserNetworkResponse.swift */ = {isa = PBXFileReference; lastKnownFileType = sourcecode.swift; path = UserNetworkResponse.swift; sourceTree = "<group>"; };
		7F196E922B6F940C00CBBD6A /* AuthRepositoryResponseProtocol.swift */ = {isa = PBXFileReference; lastKnownFileType = sourcecode.swift; path = AuthRepositoryResponseProtocol.swift; sourceTree = "<group>"; };
		7F196E942B6F942100CBBD6A /* AuthRepository.swift */ = {isa = PBXFileReference; lastKnownFileType = sourcecode.swift; path = AuthRepository.swift; sourceTree = "<group>"; };
		7F196E9A2B6F97F100CBBD6A /* AuthModuleFactory.swift */ = {isa = PBXFileReference; lastKnownFileType = sourcecode.swift; path = AuthModuleFactory.swift; sourceTree = "<group>"; };
		7F196E9E2B6F983300CBBD6A /* AuthUseCaseProtocol.swift */ = {isa = PBXFileReference; lastKnownFileType = sourcecode.swift; path = AuthUseCaseProtocol.swift; sourceTree = "<group>"; };
		7F196EA02B6F9B6100CBBD6A /* AuthUseCase.swift */ = {isa = PBXFileReference; lastKnownFileType = sourcecode.swift; path = AuthUseCase.swift; sourceTree = "<group>"; };
		7F260F9E2BAA2FF60067A214 /* AuthDataSourceProtocol.swift */ = {isa = PBXFileReference; lastKnownFileType = sourcecode.swift; path = AuthDataSourceProtocol.swift; sourceTree = "<group>"; };
		7F388C152B87622500FE021B /* AuthViewModelProtocol.swift */ = {isa = PBXFileReference; lastKnownFileType = sourcecode.swift; path = AuthViewModelProtocol.swift; sourceTree = "<group>"; };
		7F388C172B8762EA00FE021B /* AuthViewModell.swift */ = {isa = PBXFileReference; lastKnownFileType = sourcecode.swift; path = AuthViewModell.swift; sourceTree = "<group>"; };
		7F388C1B2B8777E200FE021B /* AuthView.swift */ = {isa = PBXFileReference; lastKnownFileType = sourcecode.swift; path = AuthView.swift; sourceTree = "<group>"; };
		7F47CD672B646D0F00228CFA /* RoshettaTests.xctest */ = {isa = PBXFileReference; explicitFileType = wrapper.cfbundle; includeInIndex = 0; path = RoshettaTests.xctest; sourceTree = BUILT_PRODUCTS_DIR; };
		7F48B4AC2B852ADE00B2AD82 /* AuthDataSource.swift */ = {isa = PBXFileReference; lastKnownFileType = sourcecode.swift; path = AuthDataSource.swift; sourceTree = "<group>"; };
		7F48B4AE2B85315500B2AD82 /* RepositoryError.swift */ = {isa = PBXFileReference; lastKnownFileType = sourcecode.swift; path = RepositoryError.swift; sourceTree = "<group>"; };
		7F50EC762AF052ED0060D6B6 /* GoogleManager.swift */ = {isa = PBXFileReference; lastKnownFileType = sourcecode.swift; path = GoogleManager.swift; sourceTree = "<group>"; };
		7F50EC782AF057F70060D6B6 /* Roshetta.entitlements */ = {isa = PBXFileReference; lastKnownFileType = text.plist.entitlements; path = Roshetta.entitlements; sourceTree = "<group>"; };
		7F50EC792AF0614E0060D6B6 /* AppleSigninManager.swift */ = {isa = PBXFileReference; lastKnownFileType = sourcecode.swift; path = AppleSigninManager.swift; sourceTree = "<group>"; };
		7F50EC7D2AF1B60D0060D6B6 /* Times New Roman Bold.ttf */ = {isa = PBXFileReference; lastKnownFileType = file; path = "Times New Roman Bold.ttf"; sourceTree = "<group>"; };
		7F5E42EC2AEBD782008C2FC1 /* RoshettaAppViewModel.swift */ = {isa = PBXFileReference; lastKnownFileType = sourcecode.swift; path = RoshettaAppViewModel.swift; sourceTree = "<group>"; };
		7F5E42F02AEBD8E3008C2FC1 /* Poppins-SemiBold.ttf */ = {isa = PBXFileReference; lastKnownFileType = file; path = "Poppins-SemiBold.ttf"; sourceTree = "<group>"; };
		7F5E42F12AEBD8E3008C2FC1 /* Poppins-Bold.ttf */ = {isa = PBXFileReference; lastKnownFileType = file; path = "Poppins-Bold.ttf"; sourceTree = "<group>"; };
		7F5E42F22AEBD8E4008C2FC1 /* Poppins-Medium.ttf */ = {isa = PBXFileReference; lastKnownFileType = file; path = "Poppins-Medium.ttf"; sourceTree = "<group>"; };
		7F5E42F72AEBD924008C2FC1 /* Info.plist */ = {isa = PBXFileReference; lastKnownFileType = text.plist; path = Info.plist; sourceTree = "<group>"; };
		7F5E42FE2AEBDE00008C2FC1 /* Fonts.swift */ = {isa = PBXFileReference; lastKnownFileType = sourcecode.swift; path = Fonts.swift; sourceTree = "<group>"; };
		7F5E43002AEBDFE6008C2FC1 /* Colors.swift */ = {isa = PBXFileReference; lastKnownFileType = sourcecode.swift; path = Colors.swift; sourceTree = "<group>"; };
		7F5E43022AEBE034008C2FC1 /* Images.swift */ = {isa = PBXFileReference; lastKnownFileType = sourcecode.swift; path = Images.swift; sourceTree = "<group>"; };
		7F5E43042AEBE3AE008C2FC1 /* SFSymbols.swift */ = {isa = PBXFileReference; lastKnownFileType = sourcecode.swift; path = SFSymbols.swift; sourceTree = "<group>"; };
		7F5E43082AEBE878008C2FC1 /* SplashView.swift */ = {isa = PBXFileReference; lastKnownFileType = sourcecode.swift; path = SplashView.swift; sourceTree = "<group>"; };
		7F5E430A2AEBE88B008C2FC1 /* SplashViewModel.swift */ = {isa = PBXFileReference; lastKnownFileType = sourcecode.swift; path = SplashViewModel.swift; sourceTree = "<group>"; };
		7F5E43132AEBF49C008C2FC1 /* onboardingModel.swift */ = {isa = PBXFileReference; lastKnownFileType = sourcecode.swift; path = onboardingModel.swift; sourceTree = "<group>"; };
		7F5E43172AEBF645008C2FC1 /* OnboardingView.swift */ = {isa = PBXFileReference; lastKnownFileType = sourcecode.swift; path = OnboardingView.swift; sourceTree = "<group>"; };
		7F6CA3042AEBFEE200BAB446 /* GFNextButton.swift */ = {isa = PBXFileReference; lastKnownFileType = sourcecode.swift; path = GFNextButton.swift; sourceTree = "<group>"; };
		7F6CA3062AEC19E800BAB446 /* GFSliderButton.swift */ = {isa = PBXFileReference; lastKnownFileType = sourcecode.swift; path = GFSliderButton.swift; sourceTree = "<group>"; };
		7F6CA30A2AECF52900BAB446 /* GFAuthButton.swift */ = {isa = PBXFileReference; lastKnownFileType = sourcecode.swift; path = GFAuthButton.swift; sourceTree = "<group>"; };
		7F6CA33B2AEF0AA400BAB446 /* FacebookManager.swift */ = {isa = PBXFileReference; lastKnownFileType = sourcecode.swift; path = FacebookManager.swift; sourceTree = "<group>"; };
		7F78B6102B61DA4D004DB15E /* NetworkLayerTestView.swift */ = {isa = PBXFileReference; lastKnownFileType = sourcecode.swift; path = NetworkLayerTestView.swift; sourceTree = "<group>"; };
		7F78B6122B61DA5B004DB15E /* NetworkLayerTestViewModel.swift */ = {isa = PBXFileReference; lastKnownFileType = sourcecode.swift; path = NetworkLayerTestViewModel.swift; sourceTree = "<group>"; };
		7F81F48E2B6E91DB00C8016B /* AuthAPIRequest.swift */ = {isa = PBXFileReference; lastKnownFileType = sourcecode.swift; path = AuthAPIRequest.swift; sourceTree = "<group>"; };
		7F81F4902B6E931A00C8016B /* AuthAPIClient.swift */ = {isa = PBXFileReference; lastKnownFileType = sourcecode.swift; path = AuthAPIClient.swift; sourceTree = "<group>"; };
		7F884CBA2B6C1A0E00B82521 /* CategoryCard.swift */ = {isa = PBXFileReference; lastKnownFileType = sourcecode.swift; path = CategoryCard.swift; sourceTree = "<group>"; };
		7F884CBD2B6C1CD200B82521 /* TitleTextModifir.swift */ = {isa = PBXFileReference; lastKnownFileType = sourcecode.swift; path = TitleTextModifir.swift; sourceTree = "<group>"; };
		7F884CBF2B6C1D3800B82521 /* CenterDetailsView.swift */ = {isa = PBXFileReference; lastKnownFileType = sourcecode.swift; path = CenterDetailsView.swift; sourceTree = "<group>"; };
		7F884CC12B6C1D5D00B82521 /* ClinicDetailsView.swift */ = {isa = PBXFileReference; lastKnownFileType = sourcecode.swift; path = ClinicDetailsView.swift; sourceTree = "<group>"; };
		7F884CC32B6C1D9400B82521 /* DoctorDetailsView.swift */ = {isa = PBXFileReference; lastKnownFileType = sourcecode.swift; path = DoctorDetailsView.swift; sourceTree = "<group>"; };
		7F884CC52B6C1DA700B82521 /* AboutCardView.swift */ = {isa = PBXFileReference; lastKnownFileType = sourcecode.swift; path = AboutCardView.swift; sourceTree = "<group>"; };
		7F884CC72B6C1DDC00B82521 /* ImageScroll.swift */ = {isa = PBXFileReference; lastKnownFileType = sourcecode.swift; path = ImageScroll.swift; sourceTree = "<group>"; };
		7F884CC92B6C1DF500B82521 /* locationCard.swift */ = {isa = PBXFileReference; lastKnownFileType = sourcecode.swift; path = locationCard.swift; sourceTree = "<group>"; };
		7F884CCB2B6C1E0A00B82521 /* LogoImageView.swift */ = {isa = PBXFileReference; lastKnownFileType = sourcecode.swift; path = LogoImageView.swift; sourceTree = "<group>"; };
		7F884CCD2B6C1E1900B82521 /* PriceCard.swift */ = {isa = PBXFileReference; lastKnownFileType = sourcecode.swift; path = PriceCard.swift; sourceTree = "<group>"; };
		7F884CCF2B6C1E2C00B82521 /* ReviewCard.swift */ = {isa = PBXFileReference; lastKnownFileType = sourcecode.swift; path = ReviewCard.swift; sourceTree = "<group>"; };
		7F884CD12B6C1E4800B82521 /* SpecializationCard.swift */ = {isa = PBXFileReference; lastKnownFileType = sourcecode.swift; path = SpecializationCard.swift; sourceTree = "<group>"; };
		7F884CD32B6C1E5400B82521 /* StatusImageView.swift */ = {isa = PBXFileReference; lastKnownFileType = sourcecode.swift; path = StatusImageView.swift; sourceTree = "<group>"; };
		7F884CE22B6C269100B82521 /* RoundedImage.swift */ = {isa = PBXFileReference; lastKnownFileType = sourcecode.swift; path = RoundedImage.swift; sourceTree = "<group>"; };
		7F988E582AE2D1BC00E0BCBD /* Roshetta.app */ = {isa = PBXFileReference; explicitFileType = wrapper.application; includeInIndex = 0; path = Roshetta.app; sourceTree = BUILT_PRODUCTS_DIR; };
		7F988E5B2AE2D1BC00E0BCBD /* RoshettaApp.swift */ = {isa = PBXFileReference; lastKnownFileType = sourcecode.swift; path = RoshettaApp.swift; sourceTree = "<group>"; };
		7F988E5F2AE2D1BE00E0BCBD /* Assets.xcassets */ = {isa = PBXFileReference; lastKnownFileType = folder.assetcatalog; path = Assets.xcassets; sourceTree = "<group>"; };
		7F988E622AE2D1BE00E0BCBD /* Preview Assets.xcassets */ = {isa = PBXFileReference; lastKnownFileType = folder.assetcatalog; path = "Preview Assets.xcassets"; sourceTree = "<group>"; };
		7F988E942AE2D29900E0BCBD /* HTTPMethod.swift */ = {isa = PBXFileReference; fileEncoding = 4; lastKnownFileType = sourcecode.swift; path = HTTPMethod.swift; sourceTree = "<group>"; };
		7F988E962AE2D29900E0BCBD /* RequestError.swift */ = {isa = PBXFileReference; fileEncoding = 4; lastKnownFileType = sourcecode.swift; path = RequestError.swift; sourceTree = "<group>"; };
		7F988E992AE2D29900E0BCBD /* LanguageManager.swift */ = {isa = PBXFileReference; fileEncoding = 4; lastKnownFileType = sourcecode.swift; path = LanguageManager.swift; sourceTree = "<group>"; };
		7F988EA32AE2D2AB00E0BCBD /* ar */ = {isa = PBXFileReference; lastKnownFileType = text.plist.strings; name = ar; path = ar.lproj/Localizable.strings; sourceTree = "<group>"; };
		7F988EA42AE2D2AB00E0BCBD /* en */ = {isa = PBXFileReference; lastKnownFileType = text.plist.strings; name = en; path = en.lproj/Localizable.strings; sourceTree = "<group>"; };
		7F988EA72AE2D2BD00E0BCBD /* View.swift */ = {isa = PBXFileReference; fileEncoding = 4; lastKnownFileType = sourcecode.swift; path = View.swift; sourceTree = "<group>"; };
		7F988EA82AE2D2BD00E0BCBD /* Codable.swift */ = {isa = PBXFileReference; fileEncoding = 4; lastKnownFileType = sourcecode.swift; path = Codable.swift; sourceTree = "<group>"; };
		7F988EA92AE2D2BD00E0BCBD /* String.swift */ = {isa = PBXFileReference; fileEncoding = 4; lastKnownFileType = sourcecode.swift; path = String.swift; sourceTree = "<group>"; };
		7F988EAA2AE2D2BD00E0BCBD /* UINavigationBarAppearance.swift */ = {isa = PBXFileReference; fileEncoding = 4; lastKnownFileType = sourcecode.swift; path = UINavigationBarAppearance.swift; sourceTree = "<group>"; };
		7F988EB72AE2D33F00E0BCBD /* GFButton.swift */ = {isa = PBXFileReference; fileEncoding = 4; lastKnownFileType = sourcecode.swift; path = GFButton.swift; sourceTree = "<group>"; };
		7F988EB82AE2D33F00E0BCBD /* HomeSlider.swift */ = {isa = PBXFileReference; fileEncoding = 4; lastKnownFileType = sourcecode.swift; path = HomeSlider.swift; sourceTree = "<group>"; };
		7F988EB92AE2D33F00E0BCBD /* OTPTextField.swift */ = {isa = PBXFileReference; fileEncoding = 4; lastKnownFileType = sourcecode.swift; path = OTPTextField.swift; sourceTree = "<group>"; };
		7F988EBA2AE2D33F00E0BCBD /* GFTextField.swift */ = {isa = PBXFileReference; fileEncoding = 4; lastKnownFileType = sourcecode.swift; path = GFTextField.swift; sourceTree = "<group>"; };
		7F988EBB2AE2D33F00E0BCBD /* LoaderView.swift */ = {isa = PBXFileReference; fileEncoding = 4; lastKnownFileType = sourcecode.swift; path = LoaderView.swift; sourceTree = "<group>"; };
		7F988EBD2AE2D33F00E0BCBD /* GFSecureTextField.swift */ = {isa = PBXFileReference; fileEncoding = 4; lastKnownFileType = sourcecode.swift; path = GFSecureTextField.swift; sourceTree = "<group>"; };
		7F988EC92AE2D35000E0BCBD /* RounderCorners.swift */ = {isa = PBXFileReference; fileEncoding = 4; lastKnownFileType = sourcecode.swift; path = RounderCorners.swift; sourceTree = "<group>"; };
		7F988ECA2AE2D35000E0BCBD /* SFSymbolModifire.swift */ = {isa = PBXFileReference; fileEncoding = 4; lastKnownFileType = sourcecode.swift; path = SFSymbolModifire.swift; sourceTree = "<group>"; };
		7FB00F532AFD6AF000303EB2 /* DoctorCard.swift */ = {isa = PBXFileReference; lastKnownFileType = sourcecode.swift; path = DoctorCard.swift; sourceTree = "<group>"; };
		7FB00F552AFD7CA800303EB2 /* ClincCard.swift */ = {isa = PBXFileReference; lastKnownFileType = sourcecode.swift; path = ClincCard.swift; sourceTree = "<group>"; };
		7FB00F572AFD7E3900303EB2 /* InfoRow.swift */ = {isa = PBXFileReference; lastKnownFileType = sourcecode.swift; path = InfoRow.swift; sourceTree = "<group>"; };
		7FB00F592AFD7FF000303EB2 /* MedicalCenterCard.swift */ = {isa = PBXFileReference; lastKnownFileType = sourcecode.swift; path = MedicalCenterCard.swift; sourceTree = "<group>"; };
		7FC67AE12B278416000A5586 /* BaseAPIRequest.swift */ = {isa = PBXFileReference; lastKnownFileType = sourcecode.swift; path = BaseAPIRequest.swift; sourceTree = "<group>"; };
		7FC67AE32B2785D0000A5586 /* BaseAPIClient.swift */ = {isa = PBXFileReference; lastKnownFileType = sourcecode.swift; path = BaseAPIClient.swift; sourceTree = "<group>"; };
		7FC67AE52B27B211000A5586 /* SessionDataTaskError.swift */ = {isa = PBXFileReference; lastKnownFileType = sourcecode.swift; path = SessionDataTaskError.swift; sourceTree = "<group>"; };
		7FC67AE82B27B547000A5586 /* APIRequestConfiguration.swift */ = {isa = PBXFileReference; lastKnownFileType = sourcecode.swift; path = APIRequestConfiguration.swift; sourceTree = "<group>"; };
		7FC67AEA2B27B56D000A5586 /* MultipartAPIRequestConfiguration.swift */ = {isa = PBXFileReference; lastKnownFileType = sourcecode.swift; path = MultipartAPIRequestConfiguration.swift; sourceTree = "<group>"; };
		7FC67AEC2B27B5B6000A5586 /* URLRequestConvertible.swift */ = {isa = PBXFileReference; lastKnownFileType = sourcecode.swift; path = URLRequestConvertible.swift; sourceTree = "<group>"; };
		7FC67AEE2B27B6D6000A5586 /* URLRequestStrategy.swift */ = {isa = PBXFileReference; lastKnownFileType = sourcecode.swift; path = URLRequestStrategy.swift; sourceTree = "<group>"; };
		7FC67AF12B27B701000A5586 /* RegularURLRequestStrategy.swift */ = {isa = PBXFileReference; lastKnownFileType = sourcecode.swift; path = RegularURLRequestStrategy.swift; sourceTree = "<group>"; };
		7FC67AF32B27B763000A5586 /* MultipartURLRequestStrategy.swift */ = {isa = PBXFileReference; lastKnownFileType = sourcecode.swift; path = MultipartURLRequestStrategy.swift; sourceTree = "<group>"; };
		CC3C83AC2BACFAF60025AF74 /* HomeView.swift */ = {isa = PBXFileReference; lastKnownFileType = sourcecode.swift; path = HomeView.swift; sourceTree = "<group>"; };
		CC9FAA642BB94E4200C54625 /* DoctorListView.swift */ = {isa = PBXFileReference; lastKnownFileType = sourcecode.swift; path = DoctorListView.swift; sourceTree = "<group>"; };
		CC9FAA662BB953B300C54625 /* CenterListView.swift */ = {isa = PBXFileReference; lastKnownFileType = sourcecode.swift; path = CenterListView.swift; sourceTree = "<group>"; };
		CC9FAA682BB9545F00C54625 /* ClinicListView.swift */ = {isa = PBXFileReference; lastKnownFileType = sourcecode.swift; path = ClinicListView.swift; sourceTree = "<group>"; };
		CC9FAA6A2BB95D4100C54625 /* SpecialistListView.swift */ = {isa = PBXFileReference; lastKnownFileType = sourcecode.swift; path = SpecialistListView.swift; sourceTree = "<group>"; };
/* End PBXFileReference section */

/* Begin PBXFrameworksBuildPhase section */
		7F47CD642B646D0F00228CFA /* Frameworks */ = {
			isa = PBXFrameworksBuildPhase;
			buildActionMask = 2147483647;
			files = (
			);
			runOnlyForDeploymentPostprocessing = 0;
		};
		7F988E552AE2D1BC00E0BCBD /* Frameworks */ = {
			isa = PBXFrameworksBuildPhase;
			buildActionMask = 2147483647;
			files = (
				26EF1E322BBA13C60010B57D /* FacebookLogin in Frameworks */,
				7FBE21282BBB3FCF006E15A7 /* FirebaseAnalyticsWithoutAdIdSupport in Frameworks */,
				26EF1E302BBA13C60010B57D /* FacebookCore in Frameworks */,
				26EF1E352BBA13E60010B57D /* GoogleSignIn in Frameworks */,
				7FBE21262BBB3FCF006E15A7 /* FirebaseAnalytics in Frameworks */,
				26EF1E372BBA13E60010B57D /* GoogleSignInSwift in Frameworks */,
			);
			runOnlyForDeploymentPostprocessing = 0;
		};
/* End PBXFrameworksBuildPhase section */

/* Begin PBXGroup section */
		262C0C362BB9C25B00565DC1 /* Profile */ = {
			isa = PBXGroup;
			children = (
				262C0C372BB9C26600565DC1 /* View */,
			);
			name = Profile;
			sourceTree = "<group>";
		};
		262C0C372BB9C26600565DC1 /* View */ = {
			isa = PBXGroup;
			children = (
				262C0C382BB9C27100565DC1 /* ProfileView.swift */,
			);
			name = View;
			sourceTree = "<group>";
		};
		26547FF42BAF6EF100AD302B /* SideMenu */ = {
			isa = PBXGroup;
			children = (
				26547FF52BAF6F1200AD302B /* View */,
			);
			path = SideMenu;
			sourceTree = "<group>";
		};
		26547FF52BAF6F1200AD302B /* View */ = {
			isa = PBXGroup;
			children = (
				26547FF62BAF6F2700AD302B /* SideMenuView.swift */,
				26547FF82BAF73E300AD302B /* TabButton.swift */,
				26547FFA2BAF805E00AD302B /* MenuSide.swift */,
				265480002BAF852100AD302B /* Home.swift */,
			);
			path = View;
			sourceTree = "<group>";
		};
		265B45502BB8EC9D00C0CA06 /* Notifications */ = {
			isa = PBXGroup;
			children = (
				265B45522BB8ECB500C0CA06 /* View */,
			);
			path = Notifications;
			sourceTree = "<group>";
		};
		265B45522BB8ECB500C0CA06 /* View */ = {
			isa = PBXGroup;
			children = (
				265B45532BB8ECC700C0CA06 /* NotificationsView.swift */,
			);
			path = View;
			sourceTree = "<group>";
		};
		265B45552BB8F64300C0CA06 /* TabBar */ = {
			isa = PBXGroup;
			children = (
				265B45562BB8F64900C0CA06 /* View */,
			);
			path = TabBar;
			sourceTree = "<group>";
		};
		265B45562BB8F64900C0CA06 /* View */ = {
			isa = PBXGroup;
			children = (
				265B45572BB8F65300C0CA06 /* TabBarView.swift */,
			);
			path = View;
			sourceTree = "<group>";
		};
		26D6AEAB2BBB259F00F6B5A8 /* Reservation */ = {
			isa = PBXGroup;
			children = (
				26D6AEAC2BBB25AB00F6B5A8 /* View */,
			);
			path = Reservation;
			sourceTree = "<group>";
		};
		26D6AEAC2BBB25AB00F6B5A8 /* View */ = {
			isa = PBXGroup;
			children = (
				26D6AEAD2BBB25B900F6B5A8 /* ReservationVIew.swift */,
			);
			path = View;
			sourceTree = "<group>";
		};
		26EF1E382BBA174F0010B57D /* DataHistory */ = {
			isa = PBXGroup;
			children = (
				26EF1E392BBA18180010B57D /* views */,
			);
			path = DataHistory;
			sourceTree = "<group>";
		};
		26EF1E392BBA18180010B57D /* views */ = {
			isa = PBXGroup;
			children = (
				26EF1E3A2BBA183B0010B57D /* genderView.swift */,
				26EF1E3E2BBA42D40010B57D /* DateOfBirthView.swift */,
				26EF1E402BBA4C2A0010B57D /* AddressView.swift */,
			);
			path = views;
			sourceTree = "<group>";
		};
		7F0D4CE02AE799AA0057C1CE /* Root */ = {
			isa = PBXGroup;
			children = (
				7F988E5B2AE2D1BC00E0BCBD /* RoshettaApp.swift */,
				7F5E42EC2AEBD782008C2FC1 /* RoshettaAppViewModel.swift */,
			);
			path = Root;
			sourceTree = "<group>";
		};
		7F0D4CE12AE799B40057C1CE /* AuthModule */ = {
			isa = PBXGroup;
			children = (
				7F81F48A2B6E917600C8016B /* Network */,
				7F196E962B6F977700CBBD6A /* Auth */,
			);
			path = AuthModule;
			sourceTree = "<group>";
		};
		7F0D4CE22AE799BD0057C1CE /* Onboarding */ = {
			isa = PBXGroup;
			children = (
				7F5E43112AEBF470008C2FC1 /* View */,
				7F5E43122AEBF476008C2FC1 /* Model */,
			);
			path = Onboarding;
			sourceTree = "<group>";
		};
		7F196E962B6F977700CBBD6A /* Auth */ = {
			isa = PBXGroup;
			children = (
				7F196E9A2B6F97F100CBBD6A /* AuthModuleFactory.swift */,
				7F196E992B6F97CB00CBBD6A /* BusinessLogic */,
				7F196E982B6F97B700CBBD6A /* User interface */,
			);
			path = Auth;
			sourceTree = "<group>";
		};
		7F196E982B6F97B700CBBD6A /* User interface */ = {
			isa = PBXGroup;
			children = (
				7F388C102B8688FA00FE021B /* View */,
				7F388C0F2B8688F500FE021B /* ViewModel */,
			);
			path = "User interface";
			sourceTree = "<group>";
		};
		7F196E992B6F97CB00CBBD6A /* BusinessLogic */ = {
			isa = PBXGroup;
			children = (
				7F196E9D2B6F980300CBBD6A /* UseCase */,
				7F196E9C2B6F97FB00CBBD6A /* DataSource */,
			);
			path = BusinessLogic;
			sourceTree = "<group>";
		};
		7F196E9C2B6F97FB00CBBD6A /* DataSource */ = {
			isa = PBXGroup;
			children = (
				7F260F9E2BAA2FF60067A214 /* AuthDataSourceProtocol.swift */,
				7F48B4AC2B852ADE00B2AD82 /* AuthDataSource.swift */,
			);
			path = DataSource;
			sourceTree = "<group>";
		};
		7F196E9D2B6F980300CBBD6A /* UseCase */ = {
			isa = PBXGroup;
			children = (
				7F196E9E2B6F983300CBBD6A /* AuthUseCaseProtocol.swift */,
				7F196EA02B6F9B6100CBBD6A /* AuthUseCase.swift */,
			);
			path = UseCase;
			sourceTree = "<group>";
		};
		7F388C0F2B8688F500FE021B /* ViewModel */ = {
			isa = PBXGroup;
			children = (
				7F388C152B87622500FE021B /* AuthViewModelProtocol.swift */,
				7F388C172B8762EA00FE021B /* AuthViewModell.swift */,
			);
			path = ViewModel;
			sourceTree = "<group>";
		};
		7F388C102B8688FA00FE021B /* View */ = {
			isa = PBXGroup;
			children = (
				7F388C1B2B8777E200FE021B /* AuthView.swift */,
			);
			path = View;
			sourceTree = "<group>";
		};
		7F5E42EE2AEBD88A008C2FC1 /* CustomFonts */ = {
			isa = PBXGroup;
			children = (
				2665AAB92BAA37A400CE29F3 /* Segoe UI Bold.ttf */,
				2665AAC32BAA3AD500CE29F3 /* Segoe UI Semibold.ttf */,
				2665AABA2BAA37A400CE29F3 /* Segoe UI.ttf */,
				7F50EC7D2AF1B60D0060D6B6 /* Times New Roman Bold.ttf */,
				7F5E42F12AEBD8E3008C2FC1 /* Poppins-Bold.ttf */,
				7F5E42F22AEBD8E4008C2FC1 /* Poppins-Medium.ttf */,
				7F5E42F02AEBD8E3008C2FC1 /* Poppins-SemiBold.ttf */,
			);
			path = CustomFonts;
			sourceTree = "<group>";
		};
		7F5E42FD2AEBDDE9008C2FC1 /* Helpers */ = {
			isa = PBXGroup;
			children = (
				7F5E42FE2AEBDE00008C2FC1 /* Fonts.swift */,
				7F5E43002AEBDFE6008C2FC1 /* Colors.swift */,
				7F5E43022AEBE034008C2FC1 /* Images.swift */,
				7F5E43042AEBE3AE008C2FC1 /* SFSymbols.swift */,
			);
			path = Helpers;
			sourceTree = "<group>";
		};
		7F5E43062AEBE48D008C2FC1 /* Assets file */ = {
			isa = PBXGroup;
			children = (
				7F988E5F2AE2D1BE00E0BCBD /* Assets.xcassets */,
			);
			path = "Assets file";
			sourceTree = "<group>";
		};
		7F5E43072AEBE844008C2FC1 /* Splash */ = {
			isa = PBXGroup;
			children = (
				7F5E43082AEBE878008C2FC1 /* SplashView.swift */,
				7F5E430A2AEBE88B008C2FC1 /* SplashViewModel.swift */,
			);
			path = Splash;
			sourceTree = "<group>";
		};
		7F5E43112AEBF470008C2FC1 /* View */ = {
			isa = PBXGroup;
			children = (
				7F5E43172AEBF645008C2FC1 /* OnboardingView.swift */,
			);
			path = View;
			sourceTree = "<group>";
		};
		7F5E43122AEBF476008C2FC1 /* Model */ = {
			isa = PBXGroup;
			children = (
				7F5E43132AEBF49C008C2FC1 /* onboardingModel.swift */,
			);
			path = Model;
			sourceTree = "<group>";
		};
		7F78B60F2B61DA29004DB15E /* Example */ = {
			isa = PBXGroup;
			children = (
				7F78B6102B61DA4D004DB15E /* NetworkLayerTestView.swift */,
				7F78B6122B61DA5B004DB15E /* NetworkLayerTestViewModel.swift */,
			);
			path = Example;
			sourceTree = "<group>";
		};
		7F81F48A2B6E917600C8016B /* Network */ = {
			isa = PBXGroup;
			children = (
				7F81F48C2B6E919C00C8016B /* Network */,
				7F81F48B2B6E917F00C8016B /* Repository */,
			);
			path = Network;
			sourceTree = "<group>";
		};
		7F81F48B2B6E917F00C8016B /* Repository */ = {
			isa = PBXGroup;
			children = (
				7F196E922B6F940C00CBBD6A /* AuthRepositoryResponseProtocol.swift */,
				7F196E942B6F942100CBBD6A /* AuthRepository.swift */,
			);
			path = Repository;
			sourceTree = "<group>";
		};
		7F81F48C2B6E919C00C8016B /* Network */ = {
			isa = PBXGroup;
			children = (
				7F81F4902B6E931A00C8016B /* AuthAPIClient.swift */,
				7F81F48E2B6E91DB00C8016B /* AuthAPIRequest.swift */,
				7F81F48D2B6E91AB00C8016B /* Models */,
			);
			path = Network;
			sourceTree = "<group>";
		};
		7F81F48D2B6E91AB00C8016B /* Models */ = {
			isa = PBXGroup;
			children = (
				7F196E902B6F92ED00CBBD6A /* UserNetworkResponse.swift */,
			);
			path = Models;
			sourceTree = "<group>";
		};
		7F884CBC2B6C1C8800B82521 /* Detaild Screen */ = {
			isa = PBXGroup;
			children = (
				7F884CBF2B6C1D3800B82521 /* CenterDetailsView.swift */,
				7F884CC12B6C1D5D00B82521 /* ClinicDetailsView.swift */,
				7F884CC32B6C1D9400B82521 /* DoctorDetailsView.swift */,
				CC3C83AC2BACFAF60025AF74 /* HomeView.swift */,
				CC9FAA642BB94E4200C54625 /* DoctorListView.swift */,
				CC9FAA662BB953B300C54625 /* CenterListView.swift */,
				CC9FAA682BB9545F00C54625 /* ClinicListView.swift */,
				CC9FAA6A2BB95D4100C54625 /* SpecialistListView.swift */,
			);
			path = "Detaild Screen";
			sourceTree = "<group>";
		};
		7F884CD52B6C209A00B82521 /* NetworkModule */ = {
			isa = PBXGroup;
			children = (
				7FC67ADD2B277D05000A5586 /* Network */,
			);
			path = NetworkModule;
			sourceTree = "<group>";
		};
		7F884CD62B6C20EA00B82521 /* DoctorsModule */ = {
			isa = PBXGroup;
			children = (
				7F884CE12B6C22AA00B82521 /* Presentation */,
				7F884CE02B6C22A400B82521 /* Domain */,
				7F884CDF2B6C22A100B82521 /* Data */,
			);
			path = DoctorsModule;
			sourceTree = "<group>";
		};
		7F884CD72B6C20F200B82521 /* clinicsModule */ = {
			isa = PBXGroup;
			children = (
				7F884CDE2B6C229D00B82521 /* Presentation */,
				7F884CDD2B6C229A00B82521 /* Domain */,
				7F884CDC2B6C229800B82521 /* Data */,
			);
			path = clinicsModule;
			sourceTree = "<group>";
		};
		7F884CD82B6C210800B82521 /* MedicalCenterModule */ = {
			isa = PBXGroup;
			children = (
				7F884CDB2B6C228D00B82521 /* Presentation */,
				7F884CDA2B6C228700B82521 /* Domain */,
				7F884CD92B6C227F00B82521 /* Data */,
			);
			path = MedicalCenterModule;
			sourceTree = "<group>";
		};
		7F884CD92B6C227F00B82521 /* Data */ = {
			isa = PBXGroup;
			children = (
			);
			path = Data;
			sourceTree = "<group>";
		};
		7F884CDA2B6C228700B82521 /* Domain */ = {
			isa = PBXGroup;
			children = (
			);
			path = Domain;
			sourceTree = "<group>";
		};
		7F884CDB2B6C228D00B82521 /* Presentation */ = {
			isa = PBXGroup;
			children = (
			);
			path = Presentation;
			sourceTree = "<group>";
		};
		7F884CDC2B6C229800B82521 /* Data */ = {
			isa = PBXGroup;
			children = (
			);
			path = Data;
			sourceTree = "<group>";
		};
		7F884CDD2B6C229A00B82521 /* Domain */ = {
			isa = PBXGroup;
			children = (
			);
			path = Domain;
			sourceTree = "<group>";
		};
		7F884CDE2B6C229D00B82521 /* Presentation */ = {
			isa = PBXGroup;
			children = (
			);
			path = Presentation;
			sourceTree = "<group>";
		};
		7F884CDF2B6C22A100B82521 /* Data */ = {
			isa = PBXGroup;
			children = (
			);
			path = Data;
			sourceTree = "<group>";
		};
		7F884CE02B6C22A400B82521 /* Domain */ = {
			isa = PBXGroup;
			children = (
			);
			path = Domain;
			sourceTree = "<group>";
		};
		7F884CE12B6C22AA00B82521 /* Presentation */ = {
			isa = PBXGroup;
			children = (
			);
			path = Presentation;
			sourceTree = "<group>";
		};
		7F988E4F2AE2D1BC00E0BCBD = {
			isa = PBXGroup;
			children = (
				7F988E5A2AE2D1BC00E0BCBD /* Roshetta */,
				7F988E592AE2D1BC00E0BCBD /* Products */,
			);
			sourceTree = "<group>";
		};
		7F988E592AE2D1BC00E0BCBD /* Products */ = {
			isa = PBXGroup;
			children = (
				7F988E582AE2D1BC00E0BCBD /* Roshetta.app */,
				7F47CD672B646D0F00228CFA /* RoshettaTests.xctest */,
			);
			name = Products;
			sourceTree = "<group>";
		};
		7F988E5A2AE2D1BC00E0BCBD /* Roshetta */ = {
			isa = PBXGroup;
			children = (
				7F50EC782AF057F70060D6B6 /* Roshetta.entitlements */,
				7F5E42F72AEBD924008C2FC1 /* Info.plist */,
				7F884CD52B6C209A00B82521 /* NetworkModule */,
				7F988E982AE2D29900E0BCBD /* Managers */,
				7F988EA12AE2D2AB00E0BCBD /* Localization */,
				7F988EA62AE2D2BD00E0BCBD /* Extentions */,
				7F5E43062AEBE48D008C2FC1 /* Assets file */,
				7F5E42FD2AEBDDE9008C2FC1 /* Helpers */,
				7F5E42EE2AEBD88A008C2FC1 /* CustomFonts */,
				7F988EB22AE2D33F00E0BCBD /* Components */,
				7F988EC82AE2D35000E0BCBD /* CustomModifire */,
				7F988ECE2AE2D3F800E0BCBD /* App */,
				7F988E612AE2D1BE00E0BCBD /* Preview Content */,
			);
			path = Roshetta;
			sourceTree = "<group>";
		};
		7F988E612AE2D1BE00E0BCBD /* Preview Content */ = {
			isa = PBXGroup;
			children = (
				7F988E622AE2D1BE00E0BCBD /* Preview Assets.xcassets */,
			);
			path = "Preview Content";
			sourceTree = "<group>";
		};
		7F988E982AE2D29900E0BCBD /* Managers */ = {
			isa = PBXGroup;
			children = (
				7F988E992AE2D29900E0BCBD /* LanguageManager.swift */,
				7F6CA33B2AEF0AA400BAB446 /* FacebookManager.swift */,
				7F50EC762AF052ED0060D6B6 /* GoogleManager.swift */,
				7F50EC792AF0614E0060D6B6 /* AppleSigninManager.swift */,
			);
			path = Managers;
			sourceTree = "<group>";
		};
		7F988EA12AE2D2AB00E0BCBD /* Localization */ = {
			isa = PBXGroup;
			children = (
				7F988EA22AE2D2AB00E0BCBD /* Localizable.strings */,
			);
			path = Localization;
			sourceTree = "<group>";
		};
		7F988EA62AE2D2BD00E0BCBD /* Extentions */ = {
			isa = PBXGroup;
			children = (
				7F988EA72AE2D2BD00E0BCBD /* View.swift */,
				7F988EA82AE2D2BD00E0BCBD /* Codable.swift */,
				7F988EA92AE2D2BD00E0BCBD /* String.swift */,
				7F988EAA2AE2D2BD00E0BCBD /* UINavigationBarAppearance.swift */,
			);
			path = Extentions;
			sourceTree = "<group>";
		};
		7F988EB22AE2D33F00E0BCBD /* Components */ = {
			isa = PBXGroup;
			children = (
				7F988EB32AE2D33F00E0BCBD /* View */,
			);
			path = Components;
			sourceTree = "<group>";
		};
		7F988EB32AE2D33F00E0BCBD /* View */ = {
			isa = PBXGroup;
			children = (
				7F988EB72AE2D33F00E0BCBD /* GFButton.swift */,
				7F6CA30A2AECF52900BAB446 /* GFAuthButton.swift */,
				7F988EB82AE2D33F00E0BCBD /* HomeSlider.swift */,
				7F988EB92AE2D33F00E0BCBD /* OTPTextField.swift */,
				7F988EBA2AE2D33F00E0BCBD /* GFTextField.swift */,
				7F988EBB2AE2D33F00E0BCBD /* LoaderView.swift */,
				7F988EBD2AE2D33F00E0BCBD /* GFSecureTextField.swift */,
				7F6CA3042AEBFEE200BAB446 /* GFNextButton.swift */,
				7F6CA3062AEC19E800BAB446 /* GFSliderButton.swift */,
				7FB00F532AFD6AF000303EB2 /* DoctorCard.swift */,
				7FB00F552AFD7CA800303EB2 /* ClincCard.swift */,
				7FB00F592AFD7FF000303EB2 /* MedicalCenterCard.swift */,
				7FB00F572AFD7E3900303EB2 /* InfoRow.swift */,
				7F884CBA2B6C1A0E00B82521 /* CategoryCard.swift */,
				7F884CC52B6C1DA700B82521 /* AboutCardView.swift */,
				7F884CC72B6C1DDC00B82521 /* ImageScroll.swift */,
				7F884CC92B6C1DF500B82521 /* locationCard.swift */,
				7F884CCB2B6C1E0A00B82521 /* LogoImageView.swift */,
				7F884CCD2B6C1E1900B82521 /* PriceCard.swift */,
				7F884CCF2B6C1E2C00B82521 /* ReviewCard.swift */,
				26FAD1DE2BB4A7310025650F /* BigReviewCard.swift */,
				7F884CD12B6C1E4800B82521 /* SpecializationCard.swift */,
				7F884CD32B6C1E5400B82521 /* StatusImageView.swift */,
				26547FF22BAF6B0C00AD302B /* CircularGradient.swift */,
				26FAD1DC2BB49F9A0025650F /* ReservationCard.swift */,
				26FAD1E02BB4AA0F0025650F /* SearchBar.swift */,
				26FAD1E22BB4AF790025650F /* NotificationCard.swift */,
				262C0C3A2BB9C7D800565DC1 /* ProfileImage.swift */,
				262C0C3C2BB9CC1000565DC1 /* ProfileViewSections.swift */,
				26EF1E442BBA4ED20010B57D /* CustomTextField.swift */,
				26EF1E462BBA53410010B57D /* CustomPicker.swift */,
			);
			path = View;
			sourceTree = "<group>";
		};
		7F988EC82AE2D35000E0BCBD /* CustomModifire */ = {
			isa = PBXGroup;
			children = (
				7F988EC92AE2D35000E0BCBD /* RounderCorners.swift */,
				7F988ECA2AE2D35000E0BCBD /* SFSymbolModifire.swift */,
				7F884CBD2B6C1CD200B82521 /* TitleTextModifir.swift */,
				7F884CE22B6C269100B82521 /* RoundedImage.swift */,
			);
			path = CustomModifire;
			sourceTree = "<group>";
		};
		7F988ECE2AE2D3F800E0BCBD /* App */ = {
			isa = PBXGroup;
			children = (
				7F0D4CE02AE799AA0057C1CE /* Root */,
				26D6AEAB2BBB259F00F6B5A8 /* Reservation */,
				26EF1E382BBA174F0010B57D /* DataHistory */,
				262C0C362BB9C25B00565DC1 /* Profile */,
				265B45552BB8F64300C0CA06 /* TabBar */,
				265B45502BB8EC9D00C0CA06 /* Notifications */,
				26547FF42BAF6EF100AD302B /* SideMenu */,
				7F5E43072AEBE844008C2FC1 /* Splash */,
				7F0D4CE22AE799BD0057C1CE /* Onboarding */,
				7F0D4CE12AE799B40057C1CE /* AuthModule */,
				7F884CD82B6C210800B82521 /* MedicalCenterModule */,
				7F884CD72B6C20F200B82521 /* clinicsModule */,
				7F884CD62B6C20EA00B82521 /* DoctorsModule */,
				7F884CBC2B6C1C8800B82521 /* Detaild Screen */,
			);
			path = App;
			sourceTree = "<group>";
		};
		7FC67ADD2B277D05000A5586 /* Network */ = {
			isa = PBXGroup;
			children = (
				7F988E962AE2D29900E0BCBD /* RequestError.swift */,
				7F78B60F2B61DA29004DB15E /* Example */,
				7FC67AE72B27B52D000A5586 /* APIRequest */,
				7FC67ADE2B277D65000A5586 /* Base */,
			);
			path = Network;
			sourceTree = "<group>";
		};
		7FC67ADE2B277D65000A5586 /* Base */ = {
			isa = PBXGroup;
			children = (
				7FC67AE32B2785D0000A5586 /* BaseAPIClient.swift */,
				7FC67AE12B278416000A5586 /* BaseAPIRequest.swift */,
				7FC67AE52B27B211000A5586 /* SessionDataTaskError.swift */,
				7F988E942AE2D29900E0BCBD /* HTTPMethod.swift */,
			);
			path = Base;
			sourceTree = "<group>";
		};
		7FC67AE72B27B52D000A5586 /* APIRequest */ = {
			isa = PBXGroup;
			children = (
				7FC67AE82B27B547000A5586 /* APIRequestConfiguration.swift */,
				7FC67AEA2B27B56D000A5586 /* MultipartAPIRequestConfiguration.swift */,
				7FC67AEE2B27B6D6000A5586 /* URLRequestStrategy.swift */,
				7FC67AEC2B27B5B6000A5586 /* URLRequestConvertible.swift */,
				7FC67AF02B27B6E8000A5586 /* RequestsStrategy */,
				7F48B4AE2B85315500B2AD82 /* RepositoryError.swift */,
			);
			path = APIRequest;
			sourceTree = "<group>";
		};
		7FC67AF02B27B6E8000A5586 /* RequestsStrategy */ = {
			isa = PBXGroup;
			children = (
				7FC67AF12B27B701000A5586 /* RegularURLRequestStrategy.swift */,
				7FC67AF32B27B763000A5586 /* MultipartURLRequestStrategy.swift */,
			);
			path = RequestsStrategy;
			sourceTree = "<group>";
		};
/* End PBXGroup section */

/* Begin PBXNativeTarget section */
		7F47CD662B646D0F00228CFA /* RoshettaTests */ = {
			isa = PBXNativeTarget;
			buildConfigurationList = 7F47CD6F2B646D0F00228CFA /* Build configuration list for PBXNativeTarget "RoshettaTests" */;
			buildPhases = (
				7F47CD632B646D0F00228CFA /* Sources */,
				7F47CD642B646D0F00228CFA /* Frameworks */,
				7F47CD652B646D0F00228CFA /* Resources */,
			);
			buildRules = (
			);
			dependencies = (
				7F47CD6C2B646D0F00228CFA /* PBXTargetDependency */,
			);
			name = RoshettaTests;
			productName = RoshettaTests;
			productReference = 7F47CD672B646D0F00228CFA /* RoshettaTests.xctest */;
			productType = "com.apple.product-type.bundle.unit-test";
		};
		7F988E572AE2D1BC00E0BCBD /* Roshetta */ = {
			isa = PBXNativeTarget;
			buildConfigurationList = 7F988E662AE2D1BE00E0BCBD /* Build configuration list for PBXNativeTarget "Roshetta" */;
			buildPhases = (
				7F988E542AE2D1BC00E0BCBD /* Sources */,
				7F988E552AE2D1BC00E0BCBD /* Frameworks */,
				7F988E562AE2D1BC00E0BCBD /* Resources */,
			);
			buildRules = (
			);
			dependencies = (
			);
			name = Roshetta;
			packageProductDependencies = (
				26EF1E2F2BBA13C60010B57D /* FacebookCore */,
				26EF1E312BBA13C60010B57D /* FacebookLogin */,
				26EF1E342BBA13E60010B57D /* GoogleSignIn */,
				26EF1E362BBA13E60010B57D /* GoogleSignInSwift */,
				7FBE21252BBB3FCF006E15A7 /* FirebaseAnalytics */,
				7FBE21272BBB3FCF006E15A7 /* FirebaseAnalyticsWithoutAdIdSupport */,
			);
			productName = Roshetta;
			productReference = 7F988E582AE2D1BC00E0BCBD /* Roshetta.app */;
			productType = "com.apple.product-type.application";
		};
/* End PBXNativeTarget section */

/* Begin PBXProject section */
		7F988E502AE2D1BC00E0BCBD /* Project object */ = {
			isa = PBXProject;
			attributes = {
				BuildIndependentTargetsInParallel = 1;
				LastSwiftUpdateCheck = 1430;
				LastUpgradeCheck = 1430;
				TargetAttributes = {
					7F47CD662B646D0F00228CFA = {
						CreatedOnToolsVersion = 14.3.1;
						TestTargetID = 7F988E572AE2D1BC00E0BCBD;
					};
					7F988E572AE2D1BC00E0BCBD = {
						CreatedOnToolsVersion = 14.3.1;
					};
				};
			};
			buildConfigurationList = 7F988E532AE2D1BC00E0BCBD /* Build configuration list for PBXProject "Roshetta" */;
			compatibilityVersion = "Xcode 14.0";
			developmentRegion = en;
			hasScannedForEncodings = 0;
			knownRegions = (
				en,
				Base,
				ar,
			);
			mainGroup = 7F988E4F2AE2D1BC00E0BCBD;
			packageReferences = (
				26EF1E2E2BBA13C60010B57D /* XCRemoteSwiftPackageReference "facebook-ios-sdk" */,
				26EF1E332BBA13E60010B57D /* XCRemoteSwiftPackageReference "GoogleSignIn-iOS" */,
				7FBE21242BBB3FCF006E15A7 /* XCRemoteSwiftPackageReference "firebase-ios-sdk" */,
			);
			productRefGroup = 7F988E592AE2D1BC00E0BCBD /* Products */;
			projectDirPath = "";
			projectRoot = "";
			targets = (
				7F988E572AE2D1BC00E0BCBD /* Roshetta */,
				7F47CD662B646D0F00228CFA /* RoshettaTests */,
			);
		};
/* End PBXProject section */

/* Begin PBXResourcesBuildPhase section */
		7F47CD652B646D0F00228CFA /* Resources */ = {
			isa = PBXResourcesBuildPhase;
			buildActionMask = 2147483647;
			files = (
			);
			runOnlyForDeploymentPostprocessing = 0;
		};
		7F988E562AE2D1BC00E0BCBD /* Resources */ = {
			isa = PBXResourcesBuildPhase;
			buildActionMask = 2147483647;
			files = (
				7F5E42F42AEBD8E4008C2FC1 /* Poppins-SemiBold.ttf in Resources */,
				2665AAC42BAA3AD500CE29F3 /* Segoe UI Semibold.ttf in Resources */,
				2665AABD2BAA37A400CE29F3 /* Segoe UI Bold.ttf in Resources */,
				7F5E42F62AEBD8E4008C2FC1 /* Poppins-Medium.ttf in Resources */,
				7F5E42F52AEBD8E4008C2FC1 /* Poppins-Bold.ttf in Resources */,
				2665AABE2BAA37A400CE29F3 /* Segoe UI.ttf in Resources */,
				7F988E632AE2D1BE00E0BCBD /* Preview Assets.xcassets in Resources */,
				7F50EC7E2AF1B60D0060D6B6 /* Times New Roman Bold.ttf in Resources */,
				7F988EA52AE2D2AC00E0BCBD /* Localizable.strings in Resources */,
				7F988E602AE2D1BE00E0BCBD /* Assets.xcassets in Resources */,
			);
			runOnlyForDeploymentPostprocessing = 0;
		};
/* End PBXResourcesBuildPhase section */

/* Begin PBXSourcesBuildPhase section */
		7F47CD632B646D0F00228CFA /* Sources */ = {
			isa = PBXSourcesBuildPhase;
			buildActionMask = 2147483647;
			files = (
			);
			runOnlyForDeploymentPostprocessing = 0;
		};
		7F988E542AE2D1BC00E0BCBD /* Sources */ = {
			isa = PBXSourcesBuildPhase;
			buildActionMask = 2147483647;
			files = (
				26FAD1DF2BB4A7310025650F /* BigReviewCard.swift in Sources */,
				7F388C1C2B8777E200FE021B /* AuthView.swift in Sources */,
				7F884CD42B6C1E5400B82521 /* StatusImageView.swift in Sources */,
				7F884CC02B6C1D3800B82521 /* CenterDetailsView.swift in Sources */,
				CC3C83AD2BACFAF60025AF74 /* HomeView.swift in Sources */,
				7F5E42ED2AEBD782008C2FC1 /* RoshettaAppViewModel.swift in Sources */,
				7FC67AE42B2785D0000A5586 /* BaseAPIClient.swift in Sources */,
				7F884CCE2B6C1E1900B82521 /* PriceCard.swift in Sources */,
				262C0C3B2BB9C7D800565DC1 /* ProfileImage.swift in Sources */,
				7F884CBB2B6C1A0E00B82521 /* CategoryCard.swift in Sources */,
				CC9FAA6B2BB95D4100C54625 /* SpecialistListView.swift in Sources */,
				26EF1E3F2BBA42D40010B57D /* DateOfBirthView.swift in Sources */,
				7FC67AE62B27B211000A5586 /* SessionDataTaskError.swift in Sources */,
				7F5E43012AEBDFE6008C2FC1 /* Colors.swift in Sources */,
				7F5E43092AEBE878008C2FC1 /* SplashView.swift in Sources */,
				7F6CA3052AEBFEE200BAB446 /* GFNextButton.swift in Sources */,
				7F988EC52AE2D34000E0BCBD /* LoaderView.swift in Sources */,
				26EF1E452BBA4ED20010B57D /* CustomTextField.swift in Sources */,
				7F988ECB2AE2D35000E0BCBD /* RounderCorners.swift in Sources */,
				7F988EC22AE2D34000E0BCBD /* HomeSlider.swift in Sources */,
				7FB00F582AFD7E3900303EB2 /* InfoRow.swift in Sources */,
				7F196E952B6F942100CBBD6A /* AuthRepository.swift in Sources */,
				7F988E9E2AE2D29900E0BCBD /* RequestError.swift in Sources */,
				7F884CD22B6C1E4800B82521 /* SpecializationCard.swift in Sources */,
				7F884CC62B6C1DA700B82521 /* AboutCardView.swift in Sources */,
				7F884CCC2B6C1E0A00B82521 /* LogoImageView.swift in Sources */,
				7F196E9B2B6F97F100CBBD6A /* AuthModuleFactory.swift in Sources */,
				7F5E43142AEBF49C008C2FC1 /* onboardingModel.swift in Sources */,
				7F884CD02B6C1E2C00B82521 /* ReviewCard.swift in Sources */,
				7FB00F5A2AFD7FF000303EB2 /* MedicalCenterCard.swift in Sources */,
				7F988ECC2AE2D35000E0BCBD /* SFSymbolModifire.swift in Sources */,
				7F196E9F2B6F983300CBBD6A /* AuthUseCaseProtocol.swift in Sources */,
				26D6AEAE2BBB25B900F6B5A8 /* ReservationVIew.swift in Sources */,
				7F988EC72AE2D34000E0BCBD /* GFSecureTextField.swift in Sources */,
				7F5E42FF2AEBDE00008C2FC1 /* Fonts.swift in Sources */,
				7F388C182B8762EA00FE021B /* AuthViewModell.swift in Sources */,
				26EF1E3B2BBA183B0010B57D /* genderView.swift in Sources */,
				7FB00F562AFD7CA800303EB2 /* ClincCard.swift in Sources */,
				7F884CCA2B6C1DF500B82521 /* locationCard.swift in Sources */,
				7F988EC42AE2D34000E0BCBD /* GFTextField.swift in Sources */,
				CC9FAA652BB94E4200C54625 /* DoctorListView.swift in Sources */,
				7FB00F542AFD6AF000303EB2 /* DoctorCard.swift in Sources */,
				7F988EAB2AE2D2BD00E0BCBD /* View.swift in Sources */,
				CC9FAA672BB953B300C54625 /* CenterListView.swift in Sources */,
				26EF1E472BBA53410010B57D /* CustomPicker.swift in Sources */,
				7F6CA30B2AECF52900BAB446 /* GFAuthButton.swift in Sources */,
				7F388C162B87622500FE021B /* AuthViewModelProtocol.swift in Sources */,
				7F5E43182AEBF645008C2FC1 /* OnboardingView.swift in Sources */,
				7F48B4AD2B852ADE00B2AD82 /* AuthDataSource.swift in Sources */,
				7FC67AF22B27B701000A5586 /* RegularURLRequestStrategy.swift in Sources */,
				7FC67AE92B27B548000A5586 /* APIRequestConfiguration.swift in Sources */,
				7F988EC32AE2D34000E0BCBD /* OTPTextField.swift in Sources */,
				26547FF92BAF73E300AD302B /* TabButton.swift in Sources */,
				7FC67AEF2B27B6D6000A5586 /* URLRequestStrategy.swift in Sources */,
				26547FF72BAF6F2700AD302B /* SideMenuView.swift in Sources */,
				26FAD1DD2BB49F9A0025650F /* ReservationCard.swift in Sources */,
				7F196EA12B6F9B6100CBBD6A /* AuthUseCase.swift in Sources */,
				262C0C3D2BB9CC1000565DC1 /* ProfileViewSections.swift in Sources */,
				7FC67AED2B27B5B6000A5586 /* URLRequestConvertible.swift in Sources */,
				7F884CE32B6C269100B82521 /* RoundedImage.swift in Sources */,
				7F81F48F2B6E91DB00C8016B /* AuthAPIRequest.swift in Sources */,
				7F5E43032AEBE034008C2FC1 /* Images.swift in Sources */,
				7F78B6112B61DA4D004DB15E /* NetworkLayerTestView.swift in Sources */,
				7F988EAD2AE2D2BD00E0BCBD /* String.swift in Sources */,
				7F6CA3072AEC19E800BAB446 /* GFSliderButton.swift in Sources */,
				7F50EC7A2AF0614E0060D6B6 /* AppleSigninManager.swift in Sources */,
				7F988EAC2AE2D2BD00E0BCBD /* Codable.swift in Sources */,
				262C0C392BB9C27100565DC1 /* ProfileView.swift in Sources */,
				7FC67AE22B278416000A5586 /* BaseAPIRequest.swift in Sources */,
				CC9FAA692BB9545F00C54625 /* ClinicListView.swift in Sources */,
				7F988E5C2AE2D1BC00E0BCBD /* RoshettaApp.swift in Sources */,
				7F50EC772AF052ED0060D6B6 /* GoogleManager.swift in Sources */,
				7F884CC22B6C1D5D00B82521 /* ClinicDetailsView.swift in Sources */,
				7FC67AEB2B27B56D000A5586 /* MultipartAPIRequestConfiguration.swift in Sources */,
				7F884CC42B6C1D9400B82521 /* DoctorDetailsView.swift in Sources */,
				26FAD1E32BB4AF790025650F /* NotificationCard.swift in Sources */,
				7F988EA02AE2D29900E0BCBD /* LanguageManager.swift in Sources */,
				265480012BAF852100AD302B /* Home.swift in Sources */,
				7F5E430B2AEBE88B008C2FC1 /* SplashViewModel.swift in Sources */,
				7F884CBE2B6C1CD200B82521 /* TitleTextModifir.swift in Sources */,
				26EF1E412BBA4C2A0010B57D /* AddressView.swift in Sources */,
				7F260F9F2BAA2FF60067A214 /* AuthDataSourceProtocol.swift in Sources */,
				265B45582BB8F65300C0CA06 /* TabBarView.swift in Sources */,
				26547FF32BAF6B0C00AD302B /* CircularGradient.swift in Sources */,
				26547FFB2BAF805E00AD302B /* MenuSide.swift in Sources */,
				7F5E43052AEBE3AF008C2FC1 /* SFSymbols.swift in Sources */,
				7FC67AF42B27B763000A5586 /* MultipartURLRequestStrategy.swift in Sources */,
				7F81F4912B6E931A00C8016B /* AuthAPIClient.swift in Sources */,
				7F196E932B6F940C00CBBD6A /* AuthRepositoryResponseProtocol.swift in Sources */,
				7F988EC12AE2D34000E0BCBD /* GFButton.swift in Sources */,
				7F6CA33C2AEF0AA400BAB446 /* FacebookManager.swift in Sources */,
				26FAD1E12BB4AA0F0025650F /* SearchBar.swift in Sources */,
				7F48B4AF2B85315500B2AD82 /* RepositoryError.swift in Sources */,
				7F78B6132B61DA5B004DB15E /* NetworkLayerTestViewModel.swift in Sources */,
				7F196E912B6F92ED00CBBD6A /* UserNetworkResponse.swift in Sources */,
				7F988E9C2AE2D29900E0BCBD /* HTTPMethod.swift in Sources */,
				7F884CC82B6C1DDC00B82521 /* ImageScroll.swift in Sources */,
				7F988EAE2AE2D2BD00E0BCBD /* UINavigationBarAppearance.swift in Sources */,
				265B45542BB8ECC700C0CA06 /* NotificationsView.swift in Sources */,
			);
			runOnlyForDeploymentPostprocessing = 0;
		};
/* End PBXSourcesBuildPhase section */

/* Begin PBXTargetDependency section */
		7F47CD6C2B646D0F00228CFA /* PBXTargetDependency */ = {
			isa = PBXTargetDependency;
			target = 7F988E572AE2D1BC00E0BCBD /* Roshetta */;
			targetProxy = 7F47CD6B2B646D0F00228CFA /* PBXContainerItemProxy */;
		};
/* End PBXTargetDependency section */

/* Begin PBXVariantGroup section */
		7F988EA22AE2D2AB00E0BCBD /* Localizable.strings */ = {
			isa = PBXVariantGroup;
			children = (
				7F988EA32AE2D2AB00E0BCBD /* ar */,
				7F988EA42AE2D2AB00E0BCBD /* en */,
			);
			name = Localizable.strings;
			sourceTree = "<group>";
		};
/* End PBXVariantGroup section */

/* Begin XCBuildConfiguration section */
		7F47CD6D2B646D0F00228CFA /* Debug */ = {
			isa = XCBuildConfiguration;
			buildSettings = {
				BUNDLE_LOADER = "$(TEST_HOST)";
				CODE_SIGN_STYLE = Automatic;
				CURRENT_PROJECT_VERSION = 1;
				DEVELOPMENT_TEAM = 475V82HT95;
				GENERATE_INFOPLIST_FILE = YES;
				MARKETING_VERSION = 1.0;
				PRODUCT_BUNDLE_IDENTIFIER = com.Visualinnovate.RoshettaTests;
				PRODUCT_NAME = "$(TARGET_NAME)";
				SWIFT_EMIT_LOC_STRINGS = NO;
				SWIFT_VERSION = 5.0;
				TARGETED_DEVICE_FAMILY = "1,2";
				TEST_HOST = "$(BUILT_PRODUCTS_DIR)/Roshetta.app/$(BUNDLE_EXECUTABLE_FOLDER_PATH)/Roshetta";
			};
			name = Debug;
		};
		7F47CD6E2B646D0F00228CFA /* Release */ = {
			isa = XCBuildConfiguration;
			buildSettings = {
				BUNDLE_LOADER = "$(TEST_HOST)";
				CODE_SIGN_STYLE = Automatic;
				CURRENT_PROJECT_VERSION = 1;
				DEVELOPMENT_TEAM = 475V82HT95;
				GENERATE_INFOPLIST_FILE = YES;
				MARKETING_VERSION = 1.0;
				PRODUCT_BUNDLE_IDENTIFIER = com.Visualinnovate.RoshettaTests;
				PRODUCT_NAME = "$(TARGET_NAME)";
				SWIFT_EMIT_LOC_STRINGS = NO;
				SWIFT_VERSION = 5.0;
				TARGETED_DEVICE_FAMILY = "1,2";
				TEST_HOST = "$(BUILT_PRODUCTS_DIR)/Roshetta.app/$(BUNDLE_EXECUTABLE_FOLDER_PATH)/Roshetta";
			};
			name = Release;
		};
		7F988E642AE2D1BE00E0BCBD /* Debug */ = {
			isa = XCBuildConfiguration;
			buildSettings = {
				ALWAYS_SEARCH_USER_PATHS = NO;
				CLANG_ANALYZER_NONNULL = YES;
				CLANG_ANALYZER_NUMBER_OBJECT_CONVERSION = YES_AGGRESSIVE;
				CLANG_CXX_LANGUAGE_STANDARD = "gnu++20";
				CLANG_ENABLE_MODULES = YES;
				CLANG_ENABLE_OBJC_ARC = YES;
				CLANG_ENABLE_OBJC_WEAK = YES;
				CLANG_WARN_BLOCK_CAPTURE_AUTORELEASING = YES;
				CLANG_WARN_BOOL_CONVERSION = YES;
				CLANG_WARN_COMMA = YES;
				CLANG_WARN_CONSTANT_CONVERSION = YES;
				CLANG_WARN_DEPRECATED_OBJC_IMPLEMENTATIONS = YES;
				CLANG_WARN_DIRECT_OBJC_ISA_USAGE = YES_ERROR;
				CLANG_WARN_DOCUMENTATION_COMMENTS = YES;
				CLANG_WARN_EMPTY_BODY = YES;
				CLANG_WARN_ENUM_CONVERSION = YES;
				CLANG_WARN_INFINITE_RECURSION = YES;
				CLANG_WARN_INT_CONVERSION = YES;
				CLANG_WARN_NON_LITERAL_NULL_CONVERSION = YES;
				CLANG_WARN_OBJC_IMPLICIT_RETAIN_SELF = YES;
				CLANG_WARN_OBJC_LITERAL_CONVERSION = YES;
				CLANG_WARN_OBJC_ROOT_CLASS = YES_ERROR;
				CLANG_WARN_QUOTED_INCLUDE_IN_FRAMEWORK_HEADER = YES;
				CLANG_WARN_RANGE_LOOP_ANALYSIS = YES;
				CLANG_WARN_STRICT_PROTOTYPES = YES;
				CLANG_WARN_SUSPICIOUS_MOVE = YES;
				CLANG_WARN_UNGUARDED_AVAILABILITY = YES_AGGRESSIVE;
				CLANG_WARN_UNREACHABLE_CODE = YES;
				CLANG_WARN__DUPLICATE_METHOD_MATCH = YES;
				COPY_PHASE_STRIP = NO;
				DEBUG_INFORMATION_FORMAT = dwarf;
				ENABLE_STRICT_OBJC_MSGSEND = YES;
				ENABLE_TESTABILITY = YES;
				GCC_C_LANGUAGE_STANDARD = gnu11;
				GCC_DYNAMIC_NO_PIC = NO;
				GCC_NO_COMMON_BLOCKS = YES;
				GCC_OPTIMIZATION_LEVEL = 0;
				GCC_PREPROCESSOR_DEFINITIONS = (
					"DEBUG=1",
					"$(inherited)",
				);
				GCC_WARN_64_TO_32_BIT_CONVERSION = YES;
				GCC_WARN_ABOUT_RETURN_TYPE = YES_ERROR;
				GCC_WARN_UNDECLARED_SELECTOR = YES;
				GCC_WARN_UNINITIALIZED_AUTOS = YES_AGGRESSIVE;
				GCC_WARN_UNUSED_FUNCTION = YES;
				GCC_WARN_UNUSED_VARIABLE = YES;
				IPHONEOS_DEPLOYMENT_TARGET = 16.4;
				MTL_ENABLE_DEBUG_INFO = INCLUDE_SOURCE;
				MTL_FAST_MATH = YES;
				ONLY_ACTIVE_ARCH = YES;
				SDKROOT = iphoneos;
				SWIFT_ACTIVE_COMPILATION_CONDITIONS = DEBUG;
				SWIFT_OPTIMIZATION_LEVEL = "-Onone";
			};
			name = Debug;
		};
		7F988E652AE2D1BE00E0BCBD /* Release */ = {
			isa = XCBuildConfiguration;
			buildSettings = {
				ALWAYS_SEARCH_USER_PATHS = NO;
				CLANG_ANALYZER_NONNULL = YES;
				CLANG_ANALYZER_NUMBER_OBJECT_CONVERSION = YES_AGGRESSIVE;
				CLANG_CXX_LANGUAGE_STANDARD = "gnu++20";
				CLANG_ENABLE_MODULES = YES;
				CLANG_ENABLE_OBJC_ARC = YES;
				CLANG_ENABLE_OBJC_WEAK = YES;
				CLANG_WARN_BLOCK_CAPTURE_AUTORELEASING = YES;
				CLANG_WARN_BOOL_CONVERSION = YES;
				CLANG_WARN_COMMA = YES;
				CLANG_WARN_CONSTANT_CONVERSION = YES;
				CLANG_WARN_DEPRECATED_OBJC_IMPLEMENTATIONS = YES;
				CLANG_WARN_DIRECT_OBJC_ISA_USAGE = YES_ERROR;
				CLANG_WARN_DOCUMENTATION_COMMENTS = YES;
				CLANG_WARN_EMPTY_BODY = YES;
				CLANG_WARN_ENUM_CONVERSION = YES;
				CLANG_WARN_INFINITE_RECURSION = YES;
				CLANG_WARN_INT_CONVERSION = YES;
				CLANG_WARN_NON_LITERAL_NULL_CONVERSION = YES;
				CLANG_WARN_OBJC_IMPLICIT_RETAIN_SELF = YES;
				CLANG_WARN_OBJC_LITERAL_CONVERSION = YES;
				CLANG_WARN_OBJC_ROOT_CLASS = YES_ERROR;
				CLANG_WARN_QUOTED_INCLUDE_IN_FRAMEWORK_HEADER = YES;
				CLANG_WARN_RANGE_LOOP_ANALYSIS = YES;
				CLANG_WARN_STRICT_PROTOTYPES = YES;
				CLANG_WARN_SUSPICIOUS_MOVE = YES;
				CLANG_WARN_UNGUARDED_AVAILABILITY = YES_AGGRESSIVE;
				CLANG_WARN_UNREACHABLE_CODE = YES;
				CLANG_WARN__DUPLICATE_METHOD_MATCH = YES;
				COPY_PHASE_STRIP = NO;
				DEBUG_INFORMATION_FORMAT = "dwarf-with-dsym";
				ENABLE_NS_ASSERTIONS = NO;
				ENABLE_STRICT_OBJC_MSGSEND = YES;
				GCC_C_LANGUAGE_STANDARD = gnu11;
				GCC_NO_COMMON_BLOCKS = YES;
				GCC_WARN_64_TO_32_BIT_CONVERSION = YES;
				GCC_WARN_ABOUT_RETURN_TYPE = YES_ERROR;
				GCC_WARN_UNDECLARED_SELECTOR = YES;
				GCC_WARN_UNINITIALIZED_AUTOS = YES_AGGRESSIVE;
				GCC_WARN_UNUSED_FUNCTION = YES;
				GCC_WARN_UNUSED_VARIABLE = YES;
				IPHONEOS_DEPLOYMENT_TARGET = 16.4;
				MTL_ENABLE_DEBUG_INFO = NO;
				MTL_FAST_MATH = YES;
				SDKROOT = iphoneos;
				SWIFT_COMPILATION_MODE = wholemodule;
				SWIFT_OPTIMIZATION_LEVEL = "-O";
				VALIDATE_PRODUCT = YES;
			};
			name = Release;
		};
		7F988E672AE2D1BE00E0BCBD /* Debug */ = {
			isa = XCBuildConfiguration;
			buildSettings = {
				ASSETCATALOG_COMPILER_APPICON_NAME = AppIcon;
				ASSETCATALOG_COMPILER_GLOBAL_ACCENT_COLOR_NAME = AccentColor;
				CODE_SIGN_ENTITLEMENTS = Roshetta/Roshetta.entitlements;
				CODE_SIGN_STYLE = Automatic;
				CURRENT_PROJECT_VERSION = 1;
				DEVELOPMENT_ASSET_PATHS = "\"Roshetta/Preview Content\"";
				DEVELOPMENT_TEAM = 5Z792TF2FL;
				ENABLE_PREVIEWS = YES;
				GENERATE_INFOPLIST_FILE = YES;
				INFOPLIST_FILE = Roshetta/Info.plist;
				INFOPLIST_KEY_LSApplicationCategoryType = "";
				INFOPLIST_KEY_UIApplicationSceneManifest_Generation = YES;
				INFOPLIST_KEY_UIApplicationSupportsIndirectInputEvents = YES;
				INFOPLIST_KEY_UILaunchScreen_Generation = YES;
				INFOPLIST_KEY_UISupportedInterfaceOrientations_iPad = "UIInterfaceOrientationPortrait UIInterfaceOrientationPortraitUpsideDown UIInterfaceOrientationLandscapeLeft UIInterfaceOrientationLandscapeRight";
				INFOPLIST_KEY_UISupportedInterfaceOrientations_iPhone = "UIInterfaceOrientationPortrait UIInterfaceOrientationLandscapeLeft UIInterfaceOrientationLandscapeRight";
				LD_RUNPATH_SEARCH_PATHS = (
					"$(inherited)",
					"@executable_path/Frameworks",
				);
				MARKETING_VERSION = 1.0;
				PRODUCT_BUNDLE_IDENTIFIER = com.Roshetta;
				PRODUCT_NAME = "$(TARGET_NAME)";
				SWIFT_EMIT_LOC_STRINGS = YES;
				SWIFT_VERSION = 5.0;
				TARGETED_DEVICE_FAMILY = "1,2";
			};
			name = Debug;
		};
		7F988E682AE2D1BE00E0BCBD /* Release */ = {
			isa = XCBuildConfiguration;
			buildSettings = {
				ASSETCATALOG_COMPILER_APPICON_NAME = AppIcon;
				ASSETCATALOG_COMPILER_GLOBAL_ACCENT_COLOR_NAME = AccentColor;
				CODE_SIGN_ENTITLEMENTS = Roshetta/Roshetta.entitlements;
				CODE_SIGN_STYLE = Automatic;
				CURRENT_PROJECT_VERSION = 1;
				DEVELOPMENT_ASSET_PATHS = "\"Roshetta/Preview Content\"";
				DEVELOPMENT_TEAM = 5Z792TF2FL;
				ENABLE_PREVIEWS = YES;
				GENERATE_INFOPLIST_FILE = YES;
				INFOPLIST_FILE = Roshetta/Info.plist;
				INFOPLIST_KEY_LSApplicationCategoryType = "";
				INFOPLIST_KEY_UIApplicationSceneManifest_Generation = YES;
				INFOPLIST_KEY_UIApplicationSupportsIndirectInputEvents = YES;
				INFOPLIST_KEY_UILaunchScreen_Generation = YES;
				INFOPLIST_KEY_UISupportedInterfaceOrientations_iPad = "UIInterfaceOrientationPortrait UIInterfaceOrientationPortraitUpsideDown UIInterfaceOrientationLandscapeLeft UIInterfaceOrientationLandscapeRight";
				INFOPLIST_KEY_UISupportedInterfaceOrientations_iPhone = "UIInterfaceOrientationPortrait UIInterfaceOrientationLandscapeLeft UIInterfaceOrientationLandscapeRight";
				LD_RUNPATH_SEARCH_PATHS = (
					"$(inherited)",
					"@executable_path/Frameworks",
				);
				MARKETING_VERSION = 1.0;
				PRODUCT_BUNDLE_IDENTIFIER = com.Roshetta;
				PRODUCT_NAME = "$(TARGET_NAME)";
				SWIFT_EMIT_LOC_STRINGS = YES;
				SWIFT_VERSION = 5.0;
				TARGETED_DEVICE_FAMILY = "1,2";
			};
			name = Release;
		};
/* End XCBuildConfiguration section */

/* Begin XCConfigurationList section */
		7F47CD6F2B646D0F00228CFA /* Build configuration list for PBXNativeTarget "RoshettaTests" */ = {
			isa = XCConfigurationList;
			buildConfigurations = (
				7F47CD6D2B646D0F00228CFA /* Debug */,
				7F47CD6E2B646D0F00228CFA /* Release */,
			);
			defaultConfigurationIsVisible = 0;
			defaultConfigurationName = Release;
		};
		7F988E532AE2D1BC00E0BCBD /* Build configuration list for PBXProject "Roshetta" */ = {
			isa = XCConfigurationList;
			buildConfigurations = (
				7F988E642AE2D1BE00E0BCBD /* Debug */,
				7F988E652AE2D1BE00E0BCBD /* Release */,
			);
			defaultConfigurationIsVisible = 0;
			defaultConfigurationName = Release;
		};
		7F988E662AE2D1BE00E0BCBD /* Build configuration list for PBXNativeTarget "Roshetta" */ = {
			isa = XCConfigurationList;
			buildConfigurations = (
				7F988E672AE2D1BE00E0BCBD /* Debug */,
				7F988E682AE2D1BE00E0BCBD /* Release */,
			);
			defaultConfigurationIsVisible = 0;
			defaultConfigurationName = Release;
		};
/* End XCConfigurationList section */

/* Begin XCRemoteSwiftPackageReference section */
		26EF1E2E2BBA13C60010B57D /* XCRemoteSwiftPackageReference "facebook-ios-sdk" */ = {
			isa = XCRemoteSwiftPackageReference;
			repositoryURL = "https://github.com/facebook/facebook-ios-sdk";
			requirement = {
				kind = upToNextMajorVersion;
				minimumVersion = 14.1.0;
			};
		};
		26EF1E332BBA13E60010B57D /* XCRemoteSwiftPackageReference "GoogleSignIn-iOS" */ = {
			isa = XCRemoteSwiftPackageReference;
			repositoryURL = "https://github.com/google/GoogleSignIn-iOS";
			requirement = {
				kind = upToNextMajorVersion;
				minimumVersion = 7.1.0;
			};
		};
		7FBE21242BBB3FCF006E15A7 /* XCRemoteSwiftPackageReference "firebase-ios-sdk" */ = {
			isa = XCRemoteSwiftPackageReference;
			repositoryURL = "https://github.com/firebase/firebase-ios-sdk";
			requirement = {
				kind = upToNextMajorVersion;
				minimumVersion = 10.23.1;
			};
		};
/* End XCRemoteSwiftPackageReference section */

/* Begin XCSwiftPackageProductDependency section */
		26EF1E2F2BBA13C60010B57D /* FacebookCore */ = {
			isa = XCSwiftPackageProductDependency;
			package = 26EF1E2E2BBA13C60010B57D /* XCRemoteSwiftPackageReference "facebook-ios-sdk" */;
			productName = FacebookCore;
		};
		26EF1E312BBA13C60010B57D /* FacebookLogin */ = {
			isa = XCSwiftPackageProductDependency;
			package = 26EF1E2E2BBA13C60010B57D /* XCRemoteSwiftPackageReference "facebook-ios-sdk" */;
			productName = FacebookLogin;
		};
		26EF1E342BBA13E60010B57D /* GoogleSignIn */ = {
			isa = XCSwiftPackageProductDependency;
			package = 26EF1E332BBA13E60010B57D /* XCRemoteSwiftPackageReference "GoogleSignIn-iOS" */;
			productName = GoogleSignIn;
		};
		26EF1E362BBA13E60010B57D /* GoogleSignInSwift */ = {
			isa = XCSwiftPackageProductDependency;
			package = 26EF1E332BBA13E60010B57D /* XCRemoteSwiftPackageReference "GoogleSignIn-iOS" */;
			productName = GoogleSignInSwift;
		};
		7FBE21252BBB3FCF006E15A7 /* FirebaseAnalytics */ = {
			isa = XCSwiftPackageProductDependency;
			package = 7FBE21242BBB3FCF006E15A7 /* XCRemoteSwiftPackageReference "firebase-ios-sdk" */;
			productName = FirebaseAnalytics;
		};
		7FBE21272BBB3FCF006E15A7 /* FirebaseAnalyticsWithoutAdIdSupport */ = {
			isa = XCSwiftPackageProductDependency;
			package = 7FBE21242BBB3FCF006E15A7 /* XCRemoteSwiftPackageReference "firebase-ios-sdk" */;
			productName = FirebaseAnalyticsWithoutAdIdSupport;
		};
/* End XCSwiftPackageProductDependency section */
	};
	rootObject = 7F988E502AE2D1BC00E0BCBD /* Project object */;
}
